// !$*UTF8*$!
{
	archiveVersion = 1;
	classes = {
	};
	objectVersion = 51;
	objects = {

/* Begin PBXBuildFile section */
		6E00E487233FEAD500BFF274 /* LoadState.swift in Sources */ = {isa = PBXBuildFile; fileRef = 6E00E486233FEAD500BFF274 /* LoadState.swift */; };
		6E00E489233FF17800BFF274 /* FeedPackage+stubs.swift in Sources */ = {isa = PBXBuildFile; fileRef = 6E00E488233FF17800BFF274 /* FeedPackage+stubs.swift */; };
		6E1E6B3222FFA8BD00AFB7A0 /* ContainerViewControllerTests.swift in Sources */ = {isa = PBXBuildFile; fileRef = 6E1E6B3122FFA8BD00AFB7A0 /* ContainerViewControllerTests.swift */; };
		6E1E6B3522FFA95100AFB7A0 /* ContainerViewController.swift in Sources */ = {isa = PBXBuildFile; fileRef = 6E1E6B3422FFA95100AFB7A0 /* ContainerViewController.swift */; };
		6E1E6B3722FFA97800AFB7A0 /* TransitionAnimation.swift in Sources */ = {isa = PBXBuildFile; fileRef = 6E1E6B3622FFA97800AFB7A0 /* TransitionAnimation.swift */; };
		6E557C1722FB9DCB00270F07 /* AppDelegate.swift in Sources */ = {isa = PBXBuildFile; fileRef = 6E557C1622FB9DCB00270F07 /* AppDelegate.swift */; };
		6E557C1E22FB9DCC00270F07 /* Assets.xcassets in Resources */ = {isa = PBXBuildFile; fileRef = 6E557C1D22FB9DCC00270F07 /* Assets.xcassets */; };
		6E557C2122FB9DCC00270F07 /* LaunchScreen.storyboard in Resources */ = {isa = PBXBuildFile; fileRef = 6E557C1F22FB9DCC00270F07 /* LaunchScreen.storyboard */; };
		6E557C3722FB9EEB00270F07 /* CompositionRoot.swift in Sources */ = {isa = PBXBuildFile; fileRef = 6E557C3622FB9EEB00270F07 /* CompositionRoot.swift */; };
		6E557C3922FBA0AE00270F07 /* Coordinator.swift in Sources */ = {isa = PBXBuildFile; fileRef = 6E557C3822FBA0AE00270F07 /* Coordinator.swift */; };
		6E557C3B22FBA0DC00270F07 /* RootCoordinator.swift in Sources */ = {isa = PBXBuildFile; fileRef = 6E557C3A22FBA0DC00270F07 /* RootCoordinator.swift */; };
		6E713092233443F5009FEFBB /* Exercise+sqlite.swift in Sources */ = {isa = PBXBuildFile; fileRef = 6E713091233443F5009FEFBB /* Exercise+sqlite.swift */; };
		6E74FD402318A1F500730AEB /* FakeExerciseViewModelDelegate.swift in Sources */ = {isa = PBXBuildFile; fileRef = 6E74FD3F2318A1F500730AEB /* FakeExerciseViewModelDelegate.swift */; };
		6E74FD422318A2B900730AEB /* TestUtilities.swift in Sources */ = {isa = PBXBuildFile; fileRef = 6E74FD412318A2B900730AEB /* TestUtilities.swift */; };
		6E74FD442318B0A400730AEB /* GeneralError.swift in Sources */ = {isa = PBXBuildFile; fileRef = 6E74FD432318B0A400730AEB /* GeneralError.swift */; };
		6E74FD472318B53F00730AEB /* ExerciseChoiceConfiguration+stubs.swift in Sources */ = {isa = PBXBuildFile; fileRef = 6E74FD462318B53F00730AEB /* ExerciseChoiceConfiguration+stubs.swift */; };
		6E74FD4B2318CBAC00730AEB /* RandomizationService.swift in Sources */ = {isa = PBXBuildFile; fileRef = 6E74FD4A2318CBAC00730AEB /* RandomizationService.swift */; };
		6E74FD4E231C86FC00730AEB /* FeedContainerViewControllerTests.swift in Sources */ = {isa = PBXBuildFile; fileRef = 6E74FD4D231C86FC00730AEB /* FeedContainerViewControllerTests.swift */; };
		6E74FD52231C87F800730AEB /* FeedContainerViewController.swift in Sources */ = {isa = PBXBuildFile; fileRef = 6E74FD50231C87F800730AEB /* FeedContainerViewController.swift */; };
		6E74FD53231C87F800730AEB /* FeedContainerViewController.xib in Resources */ = {isa = PBXBuildFile; fileRef = 6E74FD51231C87F800730AEB /* FeedContainerViewController.xib */; };
		6E841618232B208E0035F381 /* FeedPackageStoreTests.swift in Sources */ = {isa = PBXBuildFile; fileRef = 6E841617232B208E0035F381 /* FeedPackageStoreTests.swift */; };
		6E84161B232B213D0035F381 /* FeedPackageStore.swift in Sources */ = {isa = PBXBuildFile; fileRef = 6E84161A232B213D0035F381 /* FeedPackageStore.swift */; };
		6E841620232B22F20035F381 /* ExerciseExternalDataService.swift in Sources */ = {isa = PBXBuildFile; fileRef = 6E84161F232B22F20035F381 /* ExerciseExternalDataService.swift */; };
		6E841623232B234F0035F381 /* FakeExerciseExternalDataService.swift in Sources */ = {isa = PBXBuildFile; fileRef = 6E841622232B234F0035F381 /* FakeExerciseExternalDataService.swift */; };
		6E883F8F233D8301004F0D0E /* FeedPackage.swift in Sources */ = {isa = PBXBuildFile; fileRef = 6E883F8E233D8301004F0D0E /* FeedPackage.swift */; };
		6E883F91233D85D6004F0D0E /* FeedItem.swift in Sources */ = {isa = PBXBuildFile; fileRef = 6E883F90233D85D6004F0D0E /* FeedItem.swift */; };
		6E883F93233D8674004F0D0E /* ConceptIntro.swift in Sources */ = {isa = PBXBuildFile; fileRef = 6E883F92233D8674004F0D0E /* ConceptIntro.swift */; };
		6E883F97233D92F2004F0D0E /* ConceptIntroViewController.swift in Sources */ = {isa = PBXBuildFile; fileRef = 6E883F95233D92F2004F0D0E /* ConceptIntroViewController.swift */; };
		6E883F98233D92F2004F0D0E /* ConceptIntroViewController.xib in Resources */ = {isa = PBXBuildFile; fileRef = 6E883F96233D92F2004F0D0E /* ConceptIntroViewController.xib */; };
		6E883F9B233D9B96004F0D0E /* ConceptIntroSceneTests.swift in Sources */ = {isa = PBXBuildFile; fileRef = 6E883F9A233D9B96004F0D0E /* ConceptIntroSceneTests.swift */; };
		6E883F9D233D9E5D004F0D0E /* ConceptIntroViewModel.swift in Sources */ = {isa = PBXBuildFile; fileRef = 6E883F9C233D9E5D004F0D0E /* ConceptIntroViewModel.swift */; };
		6E883F9F233DA2DE004F0D0E /* FakeConceptIntroViewModelDelegate.swift in Sources */ = {isa = PBXBuildFile; fileRef = 6E883F9E233DA2DE004F0D0E /* FakeConceptIntroViewModelDelegate.swift */; };
		6E927E7E231CA75100822EBA /* ResultsStoreTests.swift in Sources */ = {isa = PBXBuildFile; fileRef = 6E927E7D231CA75100822EBA /* ResultsStoreTests.swift */; };
		6E927E81231CA88600822EBA /* ResultsStore.swift in Sources */ = {isa = PBXBuildFile; fileRef = 6E927E80231CA88600822EBA /* ResultsStore.swift */; };
		6E927E83231CAE2400822EBA /* FakeResultsStore.swift in Sources */ = {isa = PBXBuildFile; fileRef = 6E927E82231CAE2400822EBA /* FakeResultsStore.swift */; };
		6EB9339B23305A3F00E38B52 /* FakeFeedPackageStore.swift in Sources */ = {isa = PBXBuildFile; fileRef = 6EB9339A23305A3F00E38B52 /* FakeFeedPackageStore.swift */; };
		6EB933A42330702C00E38B52 /* LoadExercisesViewController.swift in Sources */ = {isa = PBXBuildFile; fileRef = 6EB933A22330702C00E38B52 /* LoadExercisesViewController.swift */; };
		6EB933A52330702C00E38B52 /* LoadExercisesViewController.xib in Resources */ = {isa = PBXBuildFile; fileRef = 6EB933A32330702C00E38B52 /* LoadExercisesViewController.xib */; };
		6EB933A8233071D800E38B52 /* LoadExercisesSceneTests.swift in Sources */ = {isa = PBXBuildFile; fileRef = 6EB933A7233071D800E38B52 /* LoadExercisesSceneTests.swift */; };
		6EB933AA233073C700E38B52 /* LoadExercisesViewModel.swift in Sources */ = {isa = PBXBuildFile; fileRef = 6EB933A9233073C700E38B52 /* LoadExercisesViewModel.swift */; };
		6EB933AC233076E500E38B52 /* FakeLoadExercisesViewModelDelegate.swift in Sources */ = {isa = PBXBuildFile; fileRef = 6EB933AB233076E500E38B52 /* FakeLoadExercisesViewModelDelegate.swift */; };
		6EB933B22331AB3800E38B52 /* Queue.swift in Sources */ = {isa = PBXBuildFile; fileRef = 6EB933B12331AB3800E38B52 /* Queue.swift */; };
		6EBA303A230CADCB00E6DC54 /* AnimatedButton.swift in Sources */ = {isa = PBXBuildFile; fileRef = 6EBA3039230CADCB00E6DC54 /* AnimatedButton.swift */; };
		6EBA303C230CAED200E6DC54 /* UIView+addShadow.swift in Sources */ = {isa = PBXBuildFile; fileRef = 6EBA303B230CAED200E6DC54 /* UIView+addShadow.swift */; };
		6EBA304F230E07AE00E6DC54 /* CheckmarkImageView.swift in Sources */ = {isa = PBXBuildFile; fileRef = 6EBA304E230E07AE00E6DC54 /* CheckmarkImageView.swift */; };
		6EBA305E231098F600E6DC54 /* ExerciseChoiceConfiguration.swift in Sources */ = {isa = PBXBuildFile; fileRef = 6EBA305D231098F600E6DC54 /* ExerciseChoiceConfiguration.swift */; };
		6EBA306A2314D3F800E6DC54 /* RxLatestValue.swift in Sources */ = {isa = PBXBuildFile; fileRef = 6EBA30692314D3F800E6DC54 /* RxLatestValue.swift */; };
		6EBA306D2314D4AB00E6DC54 /* RxLatestValueTests.swift in Sources */ = {isa = PBXBuildFile; fileRef = 6EBA306C2314D4AB00E6DC54 /* RxLatestValueTests.swift */; };
		6EBD530F233AF7A70057F28A /* ChooseExerciseViewController.swift in Sources */ = {isa = PBXBuildFile; fileRef = 6EBD530D233AF7A70057F28A /* ChooseExerciseViewController.swift */; };
		6EBD5310233AF7A70057F28A /* ChooseExerciseViewController.xib in Resources */ = {isa = PBXBuildFile; fileRef = 6EBD530E233AF7A70057F28A /* ChooseExerciseViewController.xib */; };
		6EBD5313233AF9A50057F28A /* ChooseExerciseSceneTests.swift in Sources */ = {isa = PBXBuildFile; fileRef = 6EBD5312233AF9A50057F28A /* ChooseExerciseSceneTests.swift */; };
		6EBD5315233AF9E20057F28A /* FakeChooseExerciseViewModelDelegate.swift in Sources */ = {isa = PBXBuildFile; fileRef = 6EBD5314233AF9E20057F28A /* FakeChooseExerciseViewModelDelegate.swift */; };
		6EBD5317233AFAB00057F28A /* ChooseExerciseViewModel.swift in Sources */ = {isa = PBXBuildFile; fileRef = 6EBD5316233AFAB00057F28A /* ChooseExerciseViewModel.swift */; };
		6EBE4E8F230A13D80047A880 /* ExerciseCoordinatorTests.swift in Sources */ = {isa = PBXBuildFile; fileRef = 6EBE4E8E230A13D80047A880 /* ExerciseCoordinatorTests.swift */; };
		6EBE4E91230A14A70047A880 /* FakeContainerViewController.swift in Sources */ = {isa = PBXBuildFile; fileRef = 6EBE4E90230A14A70047A880 /* FakeContainerViewController.swift */; };
		6EBE4E94230A16170047A880 /* ExerciseCoordinator.swift in Sources */ = {isa = PBXBuildFile; fileRef = 6EBE4E93230A16170047A880 /* ExerciseCoordinator.swift */; };
		6EBE4E97230A1B7C0047A880 /* RootCoordinatorTests.swift in Sources */ = {isa = PBXBuildFile; fileRef = 6EBE4E96230A1B7C0047A880 /* RootCoordinatorTests.swift */; };
		6EBE4E9B230B614B0047A880 /* ExerciseViewController.swift in Sources */ = {isa = PBXBuildFile; fileRef = 6EBE4E99230B614B0047A880 /* ExerciseViewController.swift */; };
		6EBE4E9C230B614B0047A880 /* ExerciseViewController.xib in Resources */ = {isa = PBXBuildFile; fileRef = 6EBE4E9A230B614B0047A880 /* ExerciseViewController.xib */; };
		6EBE4E9F230B644E0047A880 /* ExerciseSceneTests.swift in Sources */ = {isa = PBXBuildFile; fileRef = 6EBE4E9E230B644E0047A880 /* ExerciseSceneTests.swift */; };
		6EBE4EA2230B66CD0047A880 /* Exercise.swift in Sources */ = {isa = PBXBuildFile; fileRef = 6EBE4EA1230B66CD0047A880 /* Exercise.swift */; };
		6EBE4EA4230B675B0047A880 /* Exercise+data.swift in Sources */ = {isa = PBXBuildFile; fileRef = 6EBE4EA3230B675B0047A880 /* Exercise+data.swift */; };
		6EBE4EA6230B68720047A880 /* ExerciseViewModel.swift in Sources */ = {isa = PBXBuildFile; fileRef = 6EBE4EA5230B68720047A880 /* ExerciseViewModel.swift */; };
		6EC666E2232099860048068C /* FeedContainerViewModel.swift in Sources */ = {isa = PBXBuildFile; fileRef = 6EC666E1232099860048068C /* FeedContainerViewModel.swift */; };
		6EC666E62321D4D80048068C /* ExerciseService.swift in Sources */ = {isa = PBXBuildFile; fileRef = 6EC666E52321D4D80048068C /* ExerciseService.swift */; };
		6EC666E92321D4EF0048068C /* ExerciseServiceTests.swift in Sources */ = {isa = PBXBuildFile; fileRef = 6EC666E82321D4EF0048068C /* ExerciseServiceTests.swift */; };
		6EC666EB2321D6D90048068C /* FakeExerciseService.swift in Sources */ = {isa = PBXBuildFile; fileRef = 6EC666EA2321D6D90048068C /* FakeExerciseService.swift */; };
		6EC666EE2321DFA60048068C /* Colors.swift in Sources */ = {isa = PBXBuildFile; fileRef = 6EC666ED2321DFA60048068C /* Colors.swift */; };
		6EC666F22321E64A0048068C /* InfoViewController.swift in Sources */ = {isa = PBXBuildFile; fileRef = 6EC666F02321E64A0048068C /* InfoViewController.swift */; };
		6EC666F32321E64A0048068C /* InfoViewController.xib in Resources */ = {isa = PBXBuildFile; fileRef = 6EC666F12321E64A0048068C /* InfoViewController.xib */; };
		6EC666F62322042F0048068C /* InfoSceneTests.swift in Sources */ = {isa = PBXBuildFile; fileRef = 6EC666F52322042F0048068C /* InfoSceneTests.swift */; };
		6EC666F8232208FA0048068C /* InfoViewModelImpl.swift in Sources */ = {isa = PBXBuildFile; fileRef = 6EC666F7232208FA0048068C /* InfoViewModelImpl.swift */; };
		6EC666FC232209980048068C /* FakeInfoViewModelDelegate.swift in Sources */ = {isa = PBXBuildFile; fileRef = 6EC666FB232209980048068C /* FakeInfoViewModelDelegate.swift */; };
		6EC666FE232324F70048068C /* Concept.swift in Sources */ = {isa = PBXBuildFile; fileRef = 6EC666FD232324F70048068C /* Concept.swift */; };
		6EC66700232326FA0048068C /* Concept+data.swift in Sources */ = {isa = PBXBuildFile; fileRef = 6EC666FF232326FA0048068C /* Concept+data.swift */; };
		6EC6670723233A140048068C /* InfoViewContentElement.swift in Sources */ = {isa = PBXBuildFile; fileRef = 6EC6670623233A140048068C /* InfoViewContentElement.swift */; };
		6EC6670A23243B870048068C /* MenuCoordinator.swift in Sources */ = {isa = PBXBuildFile; fileRef = 6EC6670923243B870048068C /* MenuCoordinator.swift */; };
		6EC6670C23243CDB0048068C /* FakeFeedContainerViewModelDelegate.swift in Sources */ = {isa = PBXBuildFile; fileRef = 6EC6670B23243CDB0048068C /* FakeFeedContainerViewModelDelegate.swift */; };
		6EC6670F232447C40048068C /* MenuCoordinatorTests.swift in Sources */ = {isa = PBXBuildFile; fileRef = 6EC6670E232447C40048068C /* MenuCoordinatorTests.swift */; };
		6EC667132324489F0048068C /* MenuViewController.swift in Sources */ = {isa = PBXBuildFile; fileRef = 6EC667112324489F0048068C /* MenuViewController.swift */; };
		6EC667142324489F0048068C /* MenuViewController.xib in Resources */ = {isa = PBXBuildFile; fileRef = 6EC667122324489F0048068C /* MenuViewController.xib */; };
		6EC66717232451080048068C /* QuitableContainerViewControllerTests.swift in Sources */ = {isa = PBXBuildFile; fileRef = 6EC66716232451080048068C /* QuitableContainerViewControllerTests.swift */; };
		6EC66719232451350048068C /* FakeQuitableContainerViewModel.swift in Sources */ = {isa = PBXBuildFile; fileRef = 6EC66718232451350048068C /* FakeQuitableContainerViewModel.swift */; };
		6EC6671D232451760048068C /* QuitableContainerViewController.swift in Sources */ = {isa = PBXBuildFile; fileRef = 6EC6671B232451760048068C /* QuitableContainerViewController.swift */; };
		6EC6671E232451760048068C /* QuitableContainerViewController.xib in Resources */ = {isa = PBXBuildFile; fileRef = 6EC6671C232451760048068C /* QuitableContainerViewController.xib */; };
		6EC66720232451820048068C /* QuitableContainerViewModel.swift in Sources */ = {isa = PBXBuildFile; fileRef = 6EC6671F232451820048068C /* QuitableContainerViewModel.swift */; };
		6EC667222324548B0048068C /* FakeMenuCoordinatorDelegate.swift in Sources */ = {isa = PBXBuildFile; fileRef = 6EC667212324548B0048068C /* FakeMenuCoordinatorDelegate.swift */; };
		6EC6672423245D730048068C /* TestMenuCoordinator.swift in Sources */ = {isa = PBXBuildFile; fileRef = 6EC6672323245D720048068C /* TestMenuCoordinator.swift */; };
		6EC66727232461840048068C /* MenuSceneTests.swift in Sources */ = {isa = PBXBuildFile; fileRef = 6EC66726232461840048068C /* MenuSceneTests.swift */; };
		6EC66729232462280048068C /* FakeMenuViewModelDelegate.swift in Sources */ = {isa = PBXBuildFile; fileRef = 6EC66728232462280048068C /* FakeMenuViewModelDelegate.swift */; };
		6EC6672B2324627E0048068C /* MenuViewModel.swift in Sources */ = {isa = PBXBuildFile; fileRef = 6EC6672A2324627E0048068C /* MenuViewModel.swift */; };
		6EC6672F232464B20048068C /* ConceptMapViewController.swift in Sources */ = {isa = PBXBuildFile; fileRef = 6EC6672D232464B20048068C /* ConceptMapViewController.swift */; };
		6EC66730232464B20048068C /* ConceptMapViewController.xib in Resources */ = {isa = PBXBuildFile; fileRef = 6EC6672E232464B20048068C /* ConceptMapViewController.xib */; };
		6EC667332324673F0048068C /* ConceptMapSceneTests.swift in Sources */ = {isa = PBXBuildFile; fileRef = 6EC667322324673F0048068C /* ConceptMapSceneTests.swift */; };
		6EC66735232467840048068C /* FakeConceptMapViewModelDelegate.swift in Sources */ = {isa = PBXBuildFile; fileRef = 6EC66734232467840048068C /* FakeConceptMapViewModelDelegate.swift */; };
		6EC667372324682A0048068C /* ConceptMapViewModel.swift in Sources */ = {isa = PBXBuildFile; fileRef = 6EC667362324682A0048068C /* ConceptMapViewModel.swift */; };
		6EC6673B232494170048068C /* ConceptMapTableViewCell.swift in Sources */ = {isa = PBXBuildFile; fileRef = 6EC66739232494170048068C /* ConceptMapTableViewCell.swift */; };
		6EC6673C232494170048068C /* ConceptMapTableViewCell.xib in Resources */ = {isa = PBXBuildFile; fileRef = 6EC6673A232494170048068C /* ConceptMapTableViewCell.xib */; };
		6EC6673E2324942A0048068C /* ConceptMapElement.swift in Sources */ = {isa = PBXBuildFile; fileRef = 6EC6673D2324942A0048068C /* ConceptMapElement.swift */; };
		6EC6674223249C300048068C /* DatabaseService.swift in Sources */ = {isa = PBXBuildFile; fileRef = 6EC6674123249C300048068C /* DatabaseService.swift */; };
		6EC6674523249CB20048068C /* DatabaseServiceTests.swift in Sources */ = {isa = PBXBuildFile; fileRef = 6EC6674423249CB20048068C /* DatabaseServiceTests.swift */; };
		6EC6674723249D850048068C /* UserConcept.swift in Sources */ = {isa = PBXBuildFile; fileRef = 6EC6674623249D850048068C /* UserConcept.swift */; };
		6EC667492324A08D0048068C /* FakeDatabaseService.swift in Sources */ = {isa = PBXBuildFile; fileRef = 6EC667482324A08D0048068C /* FakeDatabaseService.swift */; };
		6EC6674B2324A40C0048068C /* ConceptMapTableViewCell+utilites.swift in Sources */ = {isa = PBXBuildFile; fileRef = 6EC6674A2324A40C0048068C /* ConceptMapTableViewCell+utilites.swift */; };
		6EC6674D2324AA040048068C /* ExerciseResult.swift in Sources */ = {isa = PBXBuildFile; fileRef = 6EC6674C2324AA040048068C /* ExerciseResult.swift */; };
		6ECC412823287BAE00E8F3E1 /* Concept+sqlite.swift in Sources */ = {isa = PBXBuildFile; fileRef = 6ECC412723287BAE00E8F3E1 /* Concept+sqlite.swift */; };
		6ECC412A2328842A00E8F3E1 /* UserConcept+sqlite.swift in Sources */ = {isa = PBXBuildFile; fileRef = 6ECC41292328842A00E8F3E1 /* UserConcept+sqlite.swift */; };
		6ECC412C23288BC500E8F3E1 /* UserConcept+data.swift in Sources */ = {isa = PBXBuildFile; fileRef = 6ECC412B23288BC500E8F3E1 /* UserConcept+data.swift */; };
		6EE60C4123441C3700B0322B /* User+sqlite.swift in Sources */ = {isa = PBXBuildFile; fileRef = 6EE60C4023441C3700B0322B /* User+sqlite.swift */; };
		6EE60C43234420A900B0322B /* EnrichedUserConcept.swift in Sources */ = {isa = PBXBuildFile; fileRef = 6EE60C42234420A900B0322B /* EnrichedUserConcept.swift */; };
		6EE60C492344347A00B0322B /* PrepareFeedViewController.swift in Sources */ = {isa = PBXBuildFile; fileRef = 6EE60C472344347A00B0322B /* PrepareFeedViewController.swift */; };
		6EE60C4A2344347A00B0322B /* PrepareFeedViewController.xib in Resources */ = {isa = PBXBuildFile; fileRef = 6EE60C482344347A00B0322B /* PrepareFeedViewController.xib */; };
		6EE60C4E2344370500B0322B /* PrepareFeedSceneTests.swift in Sources */ = {isa = PBXBuildFile; fileRef = 6EE60C4D2344370500B0322B /* PrepareFeedSceneTests.swift */; };
		6EE60C502344399900B0322B /* PrepareFeedViewModel.swift in Sources */ = {isa = PBXBuildFile; fileRef = 6EE60C4F2344399900B0322B /* PrepareFeedViewModel.swift */; };
		6EE60C5523456DCF00B0322B /* FakePrepareFeedViewModelDelegate.swift in Sources */ = {isa = PBXBuildFile; fileRef = 6EE60C5423456DCF00B0322B /* FakePrepareFeedViewModelDelegate.swift */; };
		6EE60C572345898800B0322B /* db.sqlite3 in Resources */ = {isa = PBXBuildFile; fileRef = 6EE60C562345898800B0322B /* db.sqlite3 */; };
		BCB14F255178DFA21D82194D /* Pods_MathAppTests.framework in Frameworks */ = {isa = PBXBuildFile; fileRef = FE993BEBDF1A3B96DC4714AA /* Pods_MathAppTests.framework */; };
		C99DA79539000A5618FB589C /* Pods_MathApp.framework in Frameworks */ = {isa = PBXBuildFile; fileRef = A1CE43285555BFADE6DC3070 /* Pods_MathApp.framework */; };
/* End PBXBuildFile section */

/* Begin PBXContainerItemProxy section */
		6E557C2822FB9DCD00270F07 /* PBXContainerItemProxy */ = {
			isa = PBXContainerItemProxy;
			containerPortal = 6E557C0B22FB9DCB00270F07 /* Project object */;
			proxyType = 1;
			remoteGlobalIDString = 6E557C1222FB9DCB00270F07;
			remoteInfo = MathApp;
		};
/* End PBXContainerItemProxy section */

/* Begin PBXFileReference section */
		5D09B98DEB05D4438C6DF54D /* Pods-MathAppTests.debug.xcconfig */ = {isa = PBXFileReference; includeInIndex = 1; lastKnownFileType = text.xcconfig; name = "Pods-MathAppTests.debug.xcconfig"; path = "Target Support Files/Pods-MathAppTests/Pods-MathAppTests.debug.xcconfig"; sourceTree = "<group>"; };
		6E00E486233FEAD500BFF274 /* LoadState.swift */ = {isa = PBXFileReference; lastKnownFileType = sourcecode.swift; path = LoadState.swift; sourceTree = "<group>"; };
		6E00E488233FF17800BFF274 /* FeedPackage+stubs.swift */ = {isa = PBXFileReference; lastKnownFileType = sourcecode.swift; path = "FeedPackage+stubs.swift"; sourceTree = "<group>"; };
		6E1E6B3122FFA8BD00AFB7A0 /* ContainerViewControllerTests.swift */ = {isa = PBXFileReference; lastKnownFileType = sourcecode.swift; path = ContainerViewControllerTests.swift; sourceTree = "<group>"; };
		6E1E6B3422FFA95100AFB7A0 /* ContainerViewController.swift */ = {isa = PBXFileReference; lastKnownFileType = sourcecode.swift; path = ContainerViewController.swift; sourceTree = "<group>"; };
		6E1E6B3622FFA97800AFB7A0 /* TransitionAnimation.swift */ = {isa = PBXFileReference; lastKnownFileType = sourcecode.swift; path = TransitionAnimation.swift; sourceTree = "<group>"; };
		6E557C1322FB9DCB00270F07 /* MathApp.app */ = {isa = PBXFileReference; explicitFileType = wrapper.application; includeInIndex = 0; path = MathApp.app; sourceTree = BUILT_PRODUCTS_DIR; };
		6E557C1622FB9DCB00270F07 /* AppDelegate.swift */ = {isa = PBXFileReference; lastKnownFileType = sourcecode.swift; path = AppDelegate.swift; sourceTree = "<group>"; };
		6E557C1D22FB9DCC00270F07 /* Assets.xcassets */ = {isa = PBXFileReference; lastKnownFileType = folder.assetcatalog; path = Assets.xcassets; sourceTree = "<group>"; };
		6E557C2022FB9DCC00270F07 /* Base */ = {isa = PBXFileReference; lastKnownFileType = file.storyboard; name = Base; path = Base.lproj/LaunchScreen.storyboard; sourceTree = "<group>"; };
		6E557C2222FB9DCC00270F07 /* Info.plist */ = {isa = PBXFileReference; lastKnownFileType = text.plist.xml; path = Info.plist; sourceTree = "<group>"; };
		6E557C2722FB9DCD00270F07 /* MathAppTests.xctest */ = {isa = PBXFileReference; explicitFileType = wrapper.cfbundle; includeInIndex = 0; path = MathAppTests.xctest; sourceTree = BUILT_PRODUCTS_DIR; };
		6E557C2D22FB9DCD00270F07 /* Info.plist */ = {isa = PBXFileReference; lastKnownFileType = text.plist.xml; path = Info.plist; sourceTree = "<group>"; };
		6E557C3622FB9EEB00270F07 /* CompositionRoot.swift */ = {isa = PBXFileReference; lastKnownFileType = sourcecode.swift; path = CompositionRoot.swift; sourceTree = "<group>"; };
		6E557C3822FBA0AE00270F07 /* Coordinator.swift */ = {isa = PBXFileReference; lastKnownFileType = sourcecode.swift; path = Coordinator.swift; sourceTree = "<group>"; };
		6E557C3A22FBA0DC00270F07 /* RootCoordinator.swift */ = {isa = PBXFileReference; lastKnownFileType = sourcecode.swift; path = RootCoordinator.swift; sourceTree = "<group>"; };
		6E713091233443F5009FEFBB /* Exercise+sqlite.swift */ = {isa = PBXFileReference; lastKnownFileType = sourcecode.swift; path = "Exercise+sqlite.swift"; sourceTree = "<group>"; };
		6E74FD3F2318A1F500730AEB /* FakeExerciseViewModelDelegate.swift */ = {isa = PBXFileReference; lastKnownFileType = sourcecode.swift; path = FakeExerciseViewModelDelegate.swift; sourceTree = "<group>"; };
		6E74FD412318A2B900730AEB /* TestUtilities.swift */ = {isa = PBXFileReference; lastKnownFileType = sourcecode.swift; path = TestUtilities.swift; sourceTree = "<group>"; };
		6E74FD432318B0A400730AEB /* GeneralError.swift */ = {isa = PBXFileReference; lastKnownFileType = sourcecode.swift; path = GeneralError.swift; sourceTree = "<group>"; };
		6E74FD462318B53F00730AEB /* ExerciseChoiceConfiguration+stubs.swift */ = {isa = PBXFileReference; lastKnownFileType = sourcecode.swift; path = "ExerciseChoiceConfiguration+stubs.swift"; sourceTree = "<group>"; };
		6E74FD4A2318CBAC00730AEB /* RandomizationService.swift */ = {isa = PBXFileReference; lastKnownFileType = sourcecode.swift; path = RandomizationService.swift; sourceTree = "<group>"; };
		6E74FD4D231C86FC00730AEB /* FeedContainerViewControllerTests.swift */ = {isa = PBXFileReference; lastKnownFileType = sourcecode.swift; path = FeedContainerViewControllerTests.swift; sourceTree = "<group>"; };
		6E74FD50231C87F800730AEB /* FeedContainerViewController.swift */ = {isa = PBXFileReference; lastKnownFileType = sourcecode.swift; path = FeedContainerViewController.swift; sourceTree = "<group>"; };
		6E74FD51231C87F800730AEB /* FeedContainerViewController.xib */ = {isa = PBXFileReference; lastKnownFileType = file.xib; path = FeedContainerViewController.xib; sourceTree = "<group>"; };
		6E841617232B208E0035F381 /* FeedPackageStoreTests.swift */ = {isa = PBXFileReference; lastKnownFileType = sourcecode.swift; path = FeedPackageStoreTests.swift; sourceTree = "<group>"; };
		6E84161A232B213D0035F381 /* FeedPackageStore.swift */ = {isa = PBXFileReference; lastKnownFileType = sourcecode.swift; path = FeedPackageStore.swift; sourceTree = "<group>"; };
		6E84161F232B22F20035F381 /* ExerciseExternalDataService.swift */ = {isa = PBXFileReference; lastKnownFileType = sourcecode.swift; path = ExerciseExternalDataService.swift; sourceTree = "<group>"; };
		6E841622232B234F0035F381 /* FakeExerciseExternalDataService.swift */ = {isa = PBXFileReference; lastKnownFileType = sourcecode.swift; path = FakeExerciseExternalDataService.swift; sourceTree = "<group>"; };
		6E883F8E233D8301004F0D0E /* FeedPackage.swift */ = {isa = PBXFileReference; lastKnownFileType = sourcecode.swift; path = FeedPackage.swift; sourceTree = "<group>"; };
		6E883F90233D85D6004F0D0E /* FeedItem.swift */ = {isa = PBXFileReference; lastKnownFileType = sourcecode.swift; path = FeedItem.swift; sourceTree = "<group>"; };
		6E883F92233D8674004F0D0E /* ConceptIntro.swift */ = {isa = PBXFileReference; lastKnownFileType = sourcecode.swift; path = ConceptIntro.swift; sourceTree = "<group>"; };
		6E883F95233D92F2004F0D0E /* ConceptIntroViewController.swift */ = {isa = PBXFileReference; lastKnownFileType = sourcecode.swift; path = ConceptIntroViewController.swift; sourceTree = "<group>"; };
		6E883F96233D92F2004F0D0E /* ConceptIntroViewController.xib */ = {isa = PBXFileReference; lastKnownFileType = file.xib; path = ConceptIntroViewController.xib; sourceTree = "<group>"; };
		6E883F9A233D9B96004F0D0E /* ConceptIntroSceneTests.swift */ = {isa = PBXFileReference; lastKnownFileType = sourcecode.swift; path = ConceptIntroSceneTests.swift; sourceTree = "<group>"; };
		6E883F9C233D9E5D004F0D0E /* ConceptIntroViewModel.swift */ = {isa = PBXFileReference; lastKnownFileType = sourcecode.swift; path = ConceptIntroViewModel.swift; sourceTree = "<group>"; };
		6E883F9E233DA2DE004F0D0E /* FakeConceptIntroViewModelDelegate.swift */ = {isa = PBXFileReference; lastKnownFileType = sourcecode.swift; path = FakeConceptIntroViewModelDelegate.swift; sourceTree = "<group>"; };
		6E927E7D231CA75100822EBA /* ResultsStoreTests.swift */ = {isa = PBXFileReference; lastKnownFileType = sourcecode.swift; path = ResultsStoreTests.swift; sourceTree = "<group>"; };
		6E927E80231CA88600822EBA /* ResultsStore.swift */ = {isa = PBXFileReference; lastKnownFileType = sourcecode.swift; path = ResultsStore.swift; sourceTree = "<group>"; };
		6E927E82231CAE2400822EBA /* FakeResultsStore.swift */ = {isa = PBXFileReference; lastKnownFileType = sourcecode.swift; path = FakeResultsStore.swift; sourceTree = "<group>"; };
		6EB9339A23305A3F00E38B52 /* FakeFeedPackageStore.swift */ = {isa = PBXFileReference; lastKnownFileType = sourcecode.swift; path = FakeFeedPackageStore.swift; sourceTree = "<group>"; };
		6EB933A22330702C00E38B52 /* LoadExercisesViewController.swift */ = {isa = PBXFileReference; lastKnownFileType = sourcecode.swift; path = LoadExercisesViewController.swift; sourceTree = "<group>"; };
		6EB933A32330702C00E38B52 /* LoadExercisesViewController.xib */ = {isa = PBXFileReference; lastKnownFileType = file.xib; path = LoadExercisesViewController.xib; sourceTree = "<group>"; };
		6EB933A7233071D800E38B52 /* LoadExercisesSceneTests.swift */ = {isa = PBXFileReference; lastKnownFileType = sourcecode.swift; path = LoadExercisesSceneTests.swift; sourceTree = "<group>"; };
		6EB933A9233073C700E38B52 /* LoadExercisesViewModel.swift */ = {isa = PBXFileReference; lastKnownFileType = sourcecode.swift; path = LoadExercisesViewModel.swift; sourceTree = "<group>"; };
		6EB933AB233076E500E38B52 /* FakeLoadExercisesViewModelDelegate.swift */ = {isa = PBXFileReference; lastKnownFileType = sourcecode.swift; path = FakeLoadExercisesViewModelDelegate.swift; sourceTree = "<group>"; };
		6EB933B12331AB3800E38B52 /* Queue.swift */ = {isa = PBXFileReference; lastKnownFileType = sourcecode.swift; path = Queue.swift; sourceTree = "<group>"; };
		6EBA3039230CADCB00E6DC54 /* AnimatedButton.swift */ = {isa = PBXFileReference; lastKnownFileType = sourcecode.swift; path = AnimatedButton.swift; sourceTree = "<group>"; };
		6EBA303B230CAED200E6DC54 /* UIView+addShadow.swift */ = {isa = PBXFileReference; lastKnownFileType = sourcecode.swift; path = "UIView+addShadow.swift"; sourceTree = "<group>"; };
		6EBA304E230E07AE00E6DC54 /* CheckmarkImageView.swift */ = {isa = PBXFileReference; lastKnownFileType = sourcecode.swift; path = CheckmarkImageView.swift; sourceTree = "<group>"; };
		6EBA305D231098F600E6DC54 /* ExerciseChoiceConfiguration.swift */ = {isa = PBXFileReference; lastKnownFileType = sourcecode.swift; path = ExerciseChoiceConfiguration.swift; sourceTree = "<group>"; };
		6EBA30692314D3F800E6DC54 /* RxLatestValue.swift */ = {isa = PBXFileReference; lastKnownFileType = sourcecode.swift; path = RxLatestValue.swift; sourceTree = "<group>"; };
		6EBA306C2314D4AB00E6DC54 /* RxLatestValueTests.swift */ = {isa = PBXFileReference; lastKnownFileType = sourcecode.swift; path = RxLatestValueTests.swift; sourceTree = "<group>"; };
		6EBD530D233AF7A70057F28A /* ChooseExerciseViewController.swift */ = {isa = PBXFileReference; lastKnownFileType = sourcecode.swift; path = ChooseExerciseViewController.swift; sourceTree = "<group>"; };
		6EBD530E233AF7A70057F28A /* ChooseExerciseViewController.xib */ = {isa = PBXFileReference; lastKnownFileType = file.xib; path = ChooseExerciseViewController.xib; sourceTree = "<group>"; };
		6EBD5312233AF9A50057F28A /* ChooseExerciseSceneTests.swift */ = {isa = PBXFileReference; lastKnownFileType = sourcecode.swift; path = ChooseExerciseSceneTests.swift; sourceTree = "<group>"; };
		6EBD5314233AF9E20057F28A /* FakeChooseExerciseViewModelDelegate.swift */ = {isa = PBXFileReference; lastKnownFileType = sourcecode.swift; path = FakeChooseExerciseViewModelDelegate.swift; sourceTree = "<group>"; };
		6EBD5316233AFAB00057F28A /* ChooseExerciseViewModel.swift */ = {isa = PBXFileReference; lastKnownFileType = sourcecode.swift; path = ChooseExerciseViewModel.swift; sourceTree = "<group>"; };
		6EBE4E8E230A13D80047A880 /* ExerciseCoordinatorTests.swift */ = {isa = PBXFileReference; lastKnownFileType = sourcecode.swift; path = ExerciseCoordinatorTests.swift; sourceTree = "<group>"; };
		6EBE4E90230A14A70047A880 /* FakeContainerViewController.swift */ = {isa = PBXFileReference; lastKnownFileType = sourcecode.swift; path = FakeContainerViewController.swift; sourceTree = "<group>"; };
		6EBE4E93230A16170047A880 /* ExerciseCoordinator.swift */ = {isa = PBXFileReference; lastKnownFileType = sourcecode.swift; path = ExerciseCoordinator.swift; sourceTree = "<group>"; };
		6EBE4E96230A1B7C0047A880 /* RootCoordinatorTests.swift */ = {isa = PBXFileReference; lastKnownFileType = sourcecode.swift; path = RootCoordinatorTests.swift; sourceTree = "<group>"; };
		6EBE4E99230B614B0047A880 /* ExerciseViewController.swift */ = {isa = PBXFileReference; lastKnownFileType = sourcecode.swift; path = ExerciseViewController.swift; sourceTree = "<group>"; };
		6EBE4E9A230B614B0047A880 /* ExerciseViewController.xib */ = {isa = PBXFileReference; lastKnownFileType = file.xib; path = ExerciseViewController.xib; sourceTree = "<group>"; };
		6EBE4E9E230B644E0047A880 /* ExerciseSceneTests.swift */ = {isa = PBXFileReference; lastKnownFileType = sourcecode.swift; path = ExerciseSceneTests.swift; sourceTree = "<group>"; };
		6EBE4EA1230B66CD0047A880 /* Exercise.swift */ = {isa = PBXFileReference; lastKnownFileType = sourcecode.swift; path = Exercise.swift; sourceTree = "<group>"; };
		6EBE4EA3230B675B0047A880 /* Exercise+data.swift */ = {isa = PBXFileReference; lastKnownFileType = sourcecode.swift; path = "Exercise+data.swift"; sourceTree = "<group>"; };
		6EBE4EA5230B68720047A880 /* ExerciseViewModel.swift */ = {isa = PBXFileReference; lastKnownFileType = sourcecode.swift; path = ExerciseViewModel.swift; sourceTree = "<group>"; };
		6EC666E1232099860048068C /* FeedContainerViewModel.swift */ = {isa = PBXFileReference; lastKnownFileType = sourcecode.swift; path = FeedContainerViewModel.swift; sourceTree = "<group>"; };
		6EC666E52321D4D80048068C /* ExerciseService.swift */ = {isa = PBXFileReference; lastKnownFileType = sourcecode.swift; path = ExerciseService.swift; sourceTree = "<group>"; };
		6EC666E82321D4EF0048068C /* ExerciseServiceTests.swift */ = {isa = PBXFileReference; lastKnownFileType = sourcecode.swift; path = ExerciseServiceTests.swift; sourceTree = "<group>"; };
		6EC666EA2321D6D90048068C /* FakeExerciseService.swift */ = {isa = PBXFileReference; lastKnownFileType = sourcecode.swift; path = FakeExerciseService.swift; sourceTree = "<group>"; };
		6EC666ED2321DFA60048068C /* Colors.swift */ = {isa = PBXFileReference; lastKnownFileType = sourcecode.swift; path = Colors.swift; sourceTree = "<group>"; };
		6EC666F02321E64A0048068C /* InfoViewController.swift */ = {isa = PBXFileReference; lastKnownFileType = sourcecode.swift; path = InfoViewController.swift; sourceTree = "<group>"; };
		6EC666F12321E64A0048068C /* InfoViewController.xib */ = {isa = PBXFileReference; lastKnownFileType = file.xib; path = InfoViewController.xib; sourceTree = "<group>"; };
		6EC666F52322042F0048068C /* InfoSceneTests.swift */ = {isa = PBXFileReference; lastKnownFileType = sourcecode.swift; path = InfoSceneTests.swift; sourceTree = "<group>"; };
		6EC666F7232208FA0048068C /* InfoViewModelImpl.swift */ = {isa = PBXFileReference; lastKnownFileType = sourcecode.swift; path = InfoViewModelImpl.swift; sourceTree = "<group>"; };
		6EC666FB232209980048068C /* FakeInfoViewModelDelegate.swift */ = {isa = PBXFileReference; lastKnownFileType = sourcecode.swift; path = FakeInfoViewModelDelegate.swift; sourceTree = "<group>"; };
		6EC666FD232324F70048068C /* Concept.swift */ = {isa = PBXFileReference; lastKnownFileType = sourcecode.swift; path = Concept.swift; sourceTree = "<group>"; };
		6EC666FF232326FA0048068C /* Concept+data.swift */ = {isa = PBXFileReference; lastKnownFileType = sourcecode.swift; path = "Concept+data.swift"; sourceTree = "<group>"; };
		6EC6670623233A140048068C /* InfoViewContentElement.swift */ = {isa = PBXFileReference; lastKnownFileType = sourcecode.swift; path = InfoViewContentElement.swift; sourceTree = "<group>"; };
		6EC6670923243B870048068C /* MenuCoordinator.swift */ = {isa = PBXFileReference; lastKnownFileType = sourcecode.swift; path = MenuCoordinator.swift; sourceTree = "<group>"; };
		6EC6670B23243CDB0048068C /* FakeFeedContainerViewModelDelegate.swift */ = {isa = PBXFileReference; lastKnownFileType = sourcecode.swift; path = FakeFeedContainerViewModelDelegate.swift; sourceTree = "<group>"; };
		6EC6670E232447C40048068C /* MenuCoordinatorTests.swift */ = {isa = PBXFileReference; lastKnownFileType = sourcecode.swift; path = MenuCoordinatorTests.swift; sourceTree = "<group>"; };
		6EC667112324489F0048068C /* MenuViewController.swift */ = {isa = PBXFileReference; lastKnownFileType = sourcecode.swift; path = MenuViewController.swift; sourceTree = "<group>"; };
		6EC667122324489F0048068C /* MenuViewController.xib */ = {isa = PBXFileReference; lastKnownFileType = file.xib; path = MenuViewController.xib; sourceTree = "<group>"; };
		6EC66716232451080048068C /* QuitableContainerViewControllerTests.swift */ = {isa = PBXFileReference; lastKnownFileType = sourcecode.swift; path = QuitableContainerViewControllerTests.swift; sourceTree = "<group>"; };
		6EC66718232451350048068C /* FakeQuitableContainerViewModel.swift */ = {isa = PBXFileReference; lastKnownFileType = sourcecode.swift; path = FakeQuitableContainerViewModel.swift; sourceTree = "<group>"; };
		6EC6671B232451760048068C /* QuitableContainerViewController.swift */ = {isa = PBXFileReference; lastKnownFileType = sourcecode.swift; path = QuitableContainerViewController.swift; sourceTree = "<group>"; };
		6EC6671C232451760048068C /* QuitableContainerViewController.xib */ = {isa = PBXFileReference; lastKnownFileType = file.xib; path = QuitableContainerViewController.xib; sourceTree = "<group>"; };
		6EC6671F232451820048068C /* QuitableContainerViewModel.swift */ = {isa = PBXFileReference; lastKnownFileType = sourcecode.swift; path = QuitableContainerViewModel.swift; sourceTree = "<group>"; };
		6EC667212324548B0048068C /* FakeMenuCoordinatorDelegate.swift */ = {isa = PBXFileReference; lastKnownFileType = sourcecode.swift; path = FakeMenuCoordinatorDelegate.swift; sourceTree = "<group>"; };
		6EC6672323245D720048068C /* TestMenuCoordinator.swift */ = {isa = PBXFileReference; lastKnownFileType = sourcecode.swift; path = TestMenuCoordinator.swift; sourceTree = "<group>"; };
		6EC66726232461840048068C /* MenuSceneTests.swift */ = {isa = PBXFileReference; lastKnownFileType = sourcecode.swift; path = MenuSceneTests.swift; sourceTree = "<group>"; };
		6EC66728232462280048068C /* FakeMenuViewModelDelegate.swift */ = {isa = PBXFileReference; lastKnownFileType = sourcecode.swift; path = FakeMenuViewModelDelegate.swift; sourceTree = "<group>"; };
		6EC6672A2324627E0048068C /* MenuViewModel.swift */ = {isa = PBXFileReference; lastKnownFileType = sourcecode.swift; path = MenuViewModel.swift; sourceTree = "<group>"; };
		6EC6672D232464B20048068C /* ConceptMapViewController.swift */ = {isa = PBXFileReference; lastKnownFileType = sourcecode.swift; path = ConceptMapViewController.swift; sourceTree = "<group>"; };
		6EC6672E232464B20048068C /* ConceptMapViewController.xib */ = {isa = PBXFileReference; lastKnownFileType = file.xib; path = ConceptMapViewController.xib; sourceTree = "<group>"; };
		6EC667322324673F0048068C /* ConceptMapSceneTests.swift */ = {isa = PBXFileReference; lastKnownFileType = sourcecode.swift; path = ConceptMapSceneTests.swift; sourceTree = "<group>"; };
		6EC66734232467840048068C /* FakeConceptMapViewModelDelegate.swift */ = {isa = PBXFileReference; lastKnownFileType = sourcecode.swift; path = FakeConceptMapViewModelDelegate.swift; sourceTree = "<group>"; };
		6EC667362324682A0048068C /* ConceptMapViewModel.swift */ = {isa = PBXFileReference; lastKnownFileType = sourcecode.swift; path = ConceptMapViewModel.swift; sourceTree = "<group>"; };
		6EC66739232494170048068C /* ConceptMapTableViewCell.swift */ = {isa = PBXFileReference; lastKnownFileType = sourcecode.swift; path = ConceptMapTableViewCell.swift; sourceTree = "<group>"; };
		6EC6673A232494170048068C /* ConceptMapTableViewCell.xib */ = {isa = PBXFileReference; lastKnownFileType = file.xib; path = ConceptMapTableViewCell.xib; sourceTree = "<group>"; };
		6EC6673D2324942A0048068C /* ConceptMapElement.swift */ = {isa = PBXFileReference; lastKnownFileType = sourcecode.swift; path = ConceptMapElement.swift; sourceTree = "<group>"; };
		6EC6674123249C300048068C /* DatabaseService.swift */ = {isa = PBXFileReference; lastKnownFileType = sourcecode.swift; path = DatabaseService.swift; sourceTree = "<group>"; };
		6EC6674423249CB20048068C /* DatabaseServiceTests.swift */ = {isa = PBXFileReference; lastKnownFileType = sourcecode.swift; path = DatabaseServiceTests.swift; sourceTree = "<group>"; };
		6EC6674623249D850048068C /* UserConcept.swift */ = {isa = PBXFileReference; lastKnownFileType = sourcecode.swift; path = UserConcept.swift; sourceTree = "<group>"; };
		6EC667482324A08D0048068C /* FakeDatabaseService.swift */ = {isa = PBXFileReference; lastKnownFileType = sourcecode.swift; path = FakeDatabaseService.swift; sourceTree = "<group>"; };
		6EC6674A2324A40C0048068C /* ConceptMapTableViewCell+utilites.swift */ = {isa = PBXFileReference; lastKnownFileType = sourcecode.swift; path = "ConceptMapTableViewCell+utilites.swift"; sourceTree = "<group>"; };
		6EC6674C2324AA040048068C /* ExerciseResult.swift */ = {isa = PBXFileReference; lastKnownFileType = sourcecode.swift; path = ExerciseResult.swift; sourceTree = "<group>"; };
		6ECC412723287BAE00E8F3E1 /* Concept+sqlite.swift */ = {isa = PBXFileReference; lastKnownFileType = sourcecode.swift; path = "Concept+sqlite.swift"; sourceTree = "<group>"; };
		6ECC41292328842A00E8F3E1 /* UserConcept+sqlite.swift */ = {isa = PBXFileReference; lastKnownFileType = sourcecode.swift; path = "UserConcept+sqlite.swift"; sourceTree = "<group>"; };
		6ECC412B23288BC500E8F3E1 /* UserConcept+data.swift */ = {isa = PBXFileReference; lastKnownFileType = sourcecode.swift; path = "UserConcept+data.swift"; sourceTree = "<group>"; };
		6EE60C4023441C3700B0322B /* User+sqlite.swift */ = {isa = PBXFileReference; lastKnownFileType = sourcecode.swift; path = "User+sqlite.swift"; sourceTree = "<group>"; };
		6EE60C42234420A900B0322B /* EnrichedUserConcept.swift */ = {isa = PBXFileReference; lastKnownFileType = sourcecode.swift; path = EnrichedUserConcept.swift; sourceTree = "<group>"; };
		6EE60C472344347A00B0322B /* PrepareFeedViewController.swift */ = {isa = PBXFileReference; lastKnownFileType = sourcecode.swift; path = PrepareFeedViewController.swift; sourceTree = "<group>"; };
		6EE60C482344347A00B0322B /* PrepareFeedViewController.xib */ = {isa = PBXFileReference; lastKnownFileType = file.xib; path = PrepareFeedViewController.xib; sourceTree = "<group>"; };
		6EE60C4D2344370500B0322B /* PrepareFeedSceneTests.swift */ = {isa = PBXFileReference; lastKnownFileType = sourcecode.swift; path = PrepareFeedSceneTests.swift; sourceTree = "<group>"; };
		6EE60C4F2344399900B0322B /* PrepareFeedViewModel.swift */ = {isa = PBXFileReference; lastKnownFileType = sourcecode.swift; path = PrepareFeedViewModel.swift; sourceTree = "<group>"; };
		6EE60C5423456DCF00B0322B /* FakePrepareFeedViewModelDelegate.swift */ = {isa = PBXFileReference; lastKnownFileType = sourcecode.swift; path = FakePrepareFeedViewModelDelegate.swift; sourceTree = "<group>"; };
		6EE60C562345898800B0322B /* db.sqlite3 */ = {isa = PBXFileReference; lastKnownFileType = file; path = db.sqlite3; sourceTree = "<group>"; };
		9BCF43D90809ABFC7320F5BB /* Pods-MathApp.release.xcconfig */ = {isa = PBXFileReference; includeInIndex = 1; lastKnownFileType = text.xcconfig; name = "Pods-MathApp.release.xcconfig"; path = "Target Support Files/Pods-MathApp/Pods-MathApp.release.xcconfig"; sourceTree = "<group>"; };
		A1CE43285555BFADE6DC3070 /* Pods_MathApp.framework */ = {isa = PBXFileReference; explicitFileType = wrapper.framework; includeInIndex = 0; path = Pods_MathApp.framework; sourceTree = BUILT_PRODUCTS_DIR; };
		ACC8CBE54D6FE6BB00980A70 /* Pods-MathApp.debug.xcconfig */ = {isa = PBXFileReference; includeInIndex = 1; lastKnownFileType = text.xcconfig; name = "Pods-MathApp.debug.xcconfig"; path = "Target Support Files/Pods-MathApp/Pods-MathApp.debug.xcconfig"; sourceTree = "<group>"; };
		D78E7824CF595603FD9FDFEE /* Pods-MathAppTests.release.xcconfig */ = {isa = PBXFileReference; includeInIndex = 1; lastKnownFileType = text.xcconfig; name = "Pods-MathAppTests.release.xcconfig"; path = "Target Support Files/Pods-MathAppTests/Pods-MathAppTests.release.xcconfig"; sourceTree = "<group>"; };
		FE993BEBDF1A3B96DC4714AA /* Pods_MathAppTests.framework */ = {isa = PBXFileReference; explicitFileType = wrapper.framework; includeInIndex = 0; path = Pods_MathAppTests.framework; sourceTree = BUILT_PRODUCTS_DIR; };
/* End PBXFileReference section */

/* Begin PBXFrameworksBuildPhase section */
		6E557C1022FB9DCB00270F07 /* Frameworks */ = {
			isa = PBXFrameworksBuildPhase;
			buildActionMask = 2147483647;
			files = (
				C99DA79539000A5618FB589C /* Pods_MathApp.framework in Frameworks */,
			);
			runOnlyForDeploymentPostprocessing = 0;
		};
		6E557C2422FB9DCD00270F07 /* Frameworks */ = {
			isa = PBXFrameworksBuildPhase;
			buildActionMask = 2147483647;
			files = (
				BCB14F255178DFA21D82194D /* Pods_MathAppTests.framework in Frameworks */,
			);
			runOnlyForDeploymentPostprocessing = 0;
		};
/* End PBXFrameworksBuildPhase section */

/* Begin PBXGroup section */
		6888B47EC6158547BCAFFFF5 /* Pods */ = {
			isa = PBXGroup;
			children = (
				ACC8CBE54D6FE6BB00980A70 /* Pods-MathApp.debug.xcconfig */,
				9BCF43D90809ABFC7320F5BB /* Pods-MathApp.release.xcconfig */,
				5D09B98DEB05D4438C6DF54D /* Pods-MathAppTests.debug.xcconfig */,
				D78E7824CF595603FD9FDFEE /* Pods-MathAppTests.release.xcconfig */,
			);
			path = Pods;
			sourceTree = "<group>";
		};
		6E1E6B3022FFA8A000AFB7A0 /* Containers */ = {
			isa = PBXGroup;
			children = (
				6EC66715232450F10048068C /* QuitableContainerViewController */,
				6E1E6B3122FFA8BD00AFB7A0 /* ContainerViewControllerTests.swift */,
				6EBE4E90230A14A70047A880 /* FakeContainerViewController.swift */,
			);
			path = Containers;
			sourceTree = "<group>";
		};
		6E1E6B3322FFA93D00AFB7A0 /* ContainerViewControllers */ = {
			isa = PBXGroup;
			children = (
				6E1E6B3422FFA95100AFB7A0 /* ContainerViewController.swift */,
				6E1E6B3622FFA97800AFB7A0 /* TransitionAnimation.swift */,
				6EC6671A232451530048068C /* QuitableContainerViewController */,
			);
			path = ContainerViewControllers;
			sourceTree = "<group>";
		};
		6E557C0A22FB9DCB00270F07 = {
			isa = PBXGroup;
			children = (
				6E557C1522FB9DCB00270F07 /* MathApp */,
				6E557C2A22FB9DCD00270F07 /* MathAppTests */,
				6E557C1422FB9DCB00270F07 /* Products */,
				6888B47EC6158547BCAFFFF5 /* Pods */,
				F76851D247041C4492AC41F1 /* Frameworks */,
			);
			sourceTree = "<group>";
		};
		6E557C1422FB9DCB00270F07 /* Products */ = {
			isa = PBXGroup;
			children = (
				6E557C1322FB9DCB00270F07 /* MathApp.app */,
				6E557C2722FB9DCD00270F07 /* MathAppTests.xctest */,
			);
			name = Products;
			sourceTree = "<group>";
		};
		6E557C1522FB9DCB00270F07 /* MathApp */ = {
			isa = PBXGroup;
			children = (
				6E557C1622FB9DCB00270F07 /* AppDelegate.swift */,
				6E557C3622FB9EEB00270F07 /* CompositionRoot.swift */,
				6E557C3822FBA0AE00270F07 /* Coordinator.swift */,
				6E557C3A22FBA0DC00270F07 /* RootCoordinator.swift */,
				6E74FD482318CB8900730AEB /* Services */,
				6EE60C462344345F00B0322B /* PrepareFeedScene */,
				6EBE4E92230A16000047A880 /* ExerciseSequence */,
				6EC6670823243AE70048068C /* MenuSequence */,
				6E1E6B3322FFA93D00AFB7A0 /* ContainerViewControllers */,
				6EBA3038230CADBF00E6DC54 /* InterfaceControls */,
				6EC666EC2321DF990048068C /* Styles */,
				6EBA30682314D3DC00E6DC54 /* Library */,
				6E557C1D22FB9DCC00270F07 /* Assets.xcassets */,
				6E557C1F22FB9DCC00270F07 /* LaunchScreen.storyboard */,
				6E557C2222FB9DCC00270F07 /* Info.plist */,
				6EB933B32331CBA900E38B52 /* SupportingFiles */,
			);
			path = MathApp;
			sourceTree = "<group>";
		};
		6E557C2A22FB9DCD00270F07 /* MathAppTests */ = {
			isa = PBXGroup;
			children = (
				6EC6673F23249B960048068C /* Services */,
				6EC6670D232447AF0048068C /* MenuSequence */,
				6EBE4E95230A1B620047A880 /* RootSequence */,
				6EBE4E8D230A13AD0047A880 /* ExerciseSequence */,
				6E1E6B3022FFA8A000AFB7A0 /* Containers */,
				6EBA306B2314D49300E6DC54 /* Library */,
				6E557C2D22FB9DCD00270F07 /* Info.plist */,
				6E74FD412318A2B900730AEB /* TestUtilities.swift */,
			);
			path = MathAppTests;
			sourceTree = "<group>";
		};
		6E74FD452318B52F00730AEB /* Models */ = {
			isa = PBXGroup;
			children = (
				6E74FD462318B53F00730AEB /* ExerciseChoiceConfiguration+stubs.swift */,
				6E00E488233FF17800BFF274 /* FeedPackage+stubs.swift */,
			);
			path = Models;
			sourceTree = "<group>";
		};
		6E74FD482318CB8900730AEB /* Services */ = {
			isa = PBXGroup;
			children = (
				6EC6674023249C100048068C /* DatabaseService */,
				6E84161E232B22E10035F381 /* ExternalData */,
				6E74FD492318CB9700730AEB /* RandomizationService */,
			);
			path = Services;
			sourceTree = "<group>";
		};
		6E74FD492318CB9700730AEB /* RandomizationService */ = {
			isa = PBXGroup;
			children = (
				6E74FD4A2318CBAC00730AEB /* RandomizationService.swift */,
			);
			path = RandomizationService;
			sourceTree = "<group>";
		};
		6E74FD4C231C866F00730AEB /* FeedContainer */ = {
			isa = PBXGroup;
			children = (
				6E74FD4D231C86FC00730AEB /* FeedContainerViewControllerTests.swift */,
				6EC6670B23243CDB0048068C /* FakeFeedContainerViewModelDelegate.swift */,
			);
			path = FeedContainer;
			sourceTree = "<group>";
		};
		6E74FD4F231C87DA00730AEB /* FeedContainerViewController */ = {
			isa = PBXGroup;
			children = (
				6E74FD50231C87F800730AEB /* FeedContainerViewController.swift */,
				6EC666E1232099860048068C /* FeedContainerViewModel.swift */,
				6E74FD51231C87F800730AEB /* FeedContainerViewController.xib */,
			);
			path = FeedContainerViewController;
			sourceTree = "<group>";
		};
		6E8416092329BD6A0035F381 /* Exercise */ = {
			isa = PBXGroup;
			children = (
				6EBE4EA1230B66CD0047A880 /* Exercise.swift */,
				6EBE4EA3230B675B0047A880 /* Exercise+data.swift */,
			);
			path = Exercise;
			sourceTree = "<group>";
		};
		6E84160A2329BD740035F381 /* Concept */ = {
			isa = PBXGroup;
			children = (
				6EC666FD232324F70048068C /* Concept.swift */,
				6EC666FF232326FA0048068C /* Concept+data.swift */,
			);
			path = Concept;
			sourceTree = "<group>";
		};
		6E84160B2329BD800035F381 /* UserConcept */ = {
			isa = PBXGroup;
			children = (
				6EC6674623249D850048068C /* UserConcept.swift */,
				6ECC412B23288BC500E8F3E1 /* UserConcept+data.swift */,
			);
			path = UserConcept;
			sourceTree = "<group>";
		};
		6E841616232B20770035F381 /* FeedPackageStore */ = {
			isa = PBXGroup;
			children = (
				6E841617232B208E0035F381 /* FeedPackageStoreTests.swift */,
				6EB9339A23305A3F00E38B52 /* FakeFeedPackageStore.swift */,
			);
			path = FeedPackageStore;
			sourceTree = "<group>";
		};
		6E841619232B212D0035F381 /* FeedPackageStore */ = {
			isa = PBXGroup;
			children = (
				6E84161A232B213D0035F381 /* FeedPackageStore.swift */,
			);
			path = FeedPackageStore;
			sourceTree = "<group>";
		};
		6E84161E232B22E10035F381 /* ExternalData */ = {
			isa = PBXGroup;
			children = (
				6E84161F232B22F20035F381 /* ExerciseExternalDataService.swift */,
				6EE60C42234420A900B0322B /* EnrichedUserConcept.swift */,
			);
			path = ExternalData;
			sourceTree = "<group>";
		};
		6E841621232B233C0035F381 /* ExternalData */ = {
			isa = PBXGroup;
			children = (
				6E841622232B234F0035F381 /* FakeExerciseExternalDataService.swift */,
			);
			path = ExternalData;
			sourceTree = "<group>";
		};
		6E883F8D233D82E7004F0D0E /* FeedPackage */ = {
			isa = PBXGroup;
			children = (
				6E883F8E233D8301004F0D0E /* FeedPackage.swift */,
			);
			path = FeedPackage;
			sourceTree = "<group>";
		};
		6E883F94233D92CD004F0D0E /* ConceptIntroScene */ = {
			isa = PBXGroup;
			children = (
				6E883F95233D92F2004F0D0E /* ConceptIntroViewController.swift */,
				6E883F9C233D9E5D004F0D0E /* ConceptIntroViewModel.swift */,
				6E883F96233D92F2004F0D0E /* ConceptIntroViewController.xib */,
			);
			path = ConceptIntroScene;
			sourceTree = "<group>";
		};
		6E883F99233D9B7B004F0D0E /* ConceptIntroScene */ = {
			isa = PBXGroup;
			children = (
				6E883F9A233D9B96004F0D0E /* ConceptIntroSceneTests.swift */,
				6E883F9E233DA2DE004F0D0E /* FakeConceptIntroViewModelDelegate.swift */,
			);
			path = ConceptIntroScene;
			sourceTree = "<group>";
		};
		6E927E7C231CA74000822EBA /* ResultsStore */ = {
			isa = PBXGroup;
			children = (
				6E927E7D231CA75100822EBA /* ResultsStoreTests.swift */,
				6E927E82231CAE2400822EBA /* FakeResultsStore.swift */,
			);
			path = ResultsStore;
			sourceTree = "<group>";
		};
		6E927E7F231CA80700822EBA /* ResultsStore */ = {
			isa = PBXGroup;
			children = (
				6E927E80231CA88600822EBA /* ResultsStore.swift */,
			);
			path = ResultsStore;
			sourceTree = "<group>";
		};
		6EB933A123306F3900E38B52 /* LoadExercisesScene */ = {
			isa = PBXGroup;
			children = (
				6EB933A22330702C00E38B52 /* LoadExercisesViewController.swift */,
				6EB933A9233073C700E38B52 /* LoadExercisesViewModel.swift */,
				6EB933A32330702C00E38B52 /* LoadExercisesViewController.xib */,
			);
			path = LoadExercisesScene;
			sourceTree = "<group>";
		};
		6EB933A6233071A800E38B52 /* LoadExercisesSceneTests */ = {
			isa = PBXGroup;
			children = (
				6EB933A7233071D800E38B52 /* LoadExercisesSceneTests.swift */,
				6EB933AB233076E500E38B52 /* FakeLoadExercisesViewModelDelegate.swift */,
			);
			path = LoadExercisesSceneTests;
			sourceTree = "<group>";
		};
		6EB933B32331CBA900E38B52 /* SupportingFiles */ = {
			isa = PBXGroup;
			children = (
				6EE60C562345898800B0322B /* db.sqlite3 */,
			);
			path = SupportingFiles;
			sourceTree = "<group>";
		};
		6EBA3038230CADBF00E6DC54 /* InterfaceControls */ = {
			isa = PBXGroup;
			children = (
				6EBA3039230CADCB00E6DC54 /* AnimatedButton.swift */,
				6EBA303B230CAED200E6DC54 /* UIView+addShadow.swift */,
				6EBA304E230E07AE00E6DC54 /* CheckmarkImageView.swift */,
			);
			path = InterfaceControls;
			sourceTree = "<group>";
		};
		6EBA30682314D3DC00E6DC54 /* Library */ = {
			isa = PBXGroup;
			children = (
				6EBA30692314D3F800E6DC54 /* RxLatestValue.swift */,
				6E74FD432318B0A400730AEB /* GeneralError.swift */,
				6EB933B12331AB3800E38B52 /* Queue.swift */,
				6E00E486233FEAD500BFF274 /* LoadState.swift */,
			);
			path = Library;
			sourceTree = "<group>";
		};
		6EBA306B2314D49300E6DC54 /* Library */ = {
			isa = PBXGroup;
			children = (
				6EBA306C2314D4AB00E6DC54 /* RxLatestValueTests.swift */,
			);
			path = Library;
			sourceTree = "<group>";
		};
		6EBD530C233AF78A0057F28A /* ChooseExerciseScene */ = {
			isa = PBXGroup;
			children = (
				6EBD530D233AF7A70057F28A /* ChooseExerciseViewController.swift */,
				6EBD5316233AFAB00057F28A /* ChooseExerciseViewModel.swift */,
				6EBD530E233AF7A70057F28A /* ChooseExerciseViewController.xib */,
			);
			path = ChooseExerciseScene;
			sourceTree = "<group>";
		};
		6EBD5311233AF9450057F28A /* ChooseExerciseSceneTests */ = {
			isa = PBXGroup;
			children = (
				6EBD5312233AF9A50057F28A /* ChooseExerciseSceneTests.swift */,
				6EBD5314233AF9E20057F28A /* FakeChooseExerciseViewModelDelegate.swift */,
			);
			path = ChooseExerciseSceneTests;
			sourceTree = "<group>";
		};
		6EBE4E8D230A13AD0047A880 /* ExerciseSequence */ = {
			isa = PBXGroup;
			children = (
				6EBE4E8E230A13D80047A880 /* ExerciseCoordinatorTests.swift */,
				6E74FD4C231C866F00730AEB /* FeedContainer */,
				6EC666E72321D4DF0048068C /* ExerciseService */,
				6E927E7C231CA74000822EBA /* ResultsStore */,
				6E841616232B20770035F381 /* FeedPackageStore */,
				6E74FD452318B52F00730AEB /* Models */,
				6EBE4E9D230B64240047A880 /* ExerciseScene */,
				6E883F99233D9B7B004F0D0E /* ConceptIntroScene */,
				6EB933A6233071A800E38B52 /* LoadExercisesSceneTests */,
				6EC666F4232204170048068C /* InfoScene */,
			);
			path = ExerciseSequence;
			sourceTree = "<group>";
		};
		6EBE4E92230A16000047A880 /* ExerciseSequence */ = {
			isa = PBXGroup;
			children = (
				6EBE4E93230A16170047A880 /* ExerciseCoordinator.swift */,
				6EC666E52321D4D80048068C /* ExerciseService.swift */,
				6E74FD4F231C87DA00730AEB /* FeedContainerViewController */,
				6EBE4EA0230B663F0047A880 /* Models */,
				6E927E7F231CA80700822EBA /* ResultsStore */,
				6E841619232B212D0035F381 /* FeedPackageStore */,
				6EBE4E98230B60F00047A880 /* ExerciseScene */,
				6E883F94233D92CD004F0D0E /* ConceptIntroScene */,
				6EB933A123306F3900E38B52 /* LoadExercisesScene */,
				6EC666EF2321E6340048068C /* InfoViewController */,
			);
			path = ExerciseSequence;
			sourceTree = "<group>";
		};
		6EBE4E95230A1B620047A880 /* RootSequence */ = {
			isa = PBXGroup;
			children = (
				6EBE4E96230A1B7C0047A880 /* RootCoordinatorTests.swift */,
				6EE60C4C2344369500B0322B /* PrepareFeedScene */,
			);
			path = RootSequence;
			sourceTree = "<group>";
		};
		6EBE4E98230B60F00047A880 /* ExerciseScene */ = {
			isa = PBXGroup;
			children = (
				6EBE4E99230B614B0047A880 /* ExerciseViewController.swift */,
				6EBE4EA5230B68720047A880 /* ExerciseViewModel.swift */,
				6EBA305D231098F600E6DC54 /* ExerciseChoiceConfiguration.swift */,
				6EBE4E9A230B614B0047A880 /* ExerciseViewController.xib */,
			);
			path = ExerciseScene;
			sourceTree = "<group>";
		};
		6EBE4E9D230B64240047A880 /* ExerciseScene */ = {
			isa = PBXGroup;
			children = (
				6EBE4E9E230B644E0047A880 /* ExerciseSceneTests.swift */,
				6E74FD3F2318A1F500730AEB /* FakeExerciseViewModelDelegate.swift */,
			);
			path = ExerciseScene;
			sourceTree = "<group>";
		};
		6EBE4EA0230B663F0047A880 /* Models */ = {
			isa = PBXGroup;
			children = (
				6E883F90233D85D6004F0D0E /* FeedItem.swift */,
				6E883F92233D8674004F0D0E /* ConceptIntro.swift */,
				6E883F8D233D82E7004F0D0E /* FeedPackage */,
				6E8416092329BD6A0035F381 /* Exercise */,
				6E84160A2329BD740035F381 /* Concept */,
				6E84160B2329BD800035F381 /* UserConcept */,
				6EC6674C2324AA040048068C /* ExerciseResult.swift */,
			);
			path = Models;
			sourceTree = "<group>";
		};
		6EC666E72321D4DF0048068C /* ExerciseService */ = {
			isa = PBXGroup;
			children = (
				6EC666E82321D4EF0048068C /* ExerciseServiceTests.swift */,
				6EC666EA2321D6D90048068C /* FakeExerciseService.swift */,
			);
			path = ExerciseService;
			sourceTree = "<group>";
		};
		6EC666EC2321DF990048068C /* Styles */ = {
			isa = PBXGroup;
			children = (
				6EC666ED2321DFA60048068C /* Colors.swift */,
			);
			path = Styles;
			sourceTree = "<group>";
		};
		6EC666EF2321E6340048068C /* InfoViewController */ = {
			isa = PBXGroup;
			children = (
				6EC666F02321E64A0048068C /* InfoViewController.swift */,
				6EC66703232338580048068C /* InfoViewContent */,
				6EC666F7232208FA0048068C /* InfoViewModelImpl.swift */,
				6EC666F12321E64A0048068C /* InfoViewController.xib */,
			);
			path = InfoViewController;
			sourceTree = "<group>";
		};
		6EC666F4232204170048068C /* InfoScene */ = {
			isa = PBXGroup;
			children = (
				6EC666F52322042F0048068C /* InfoSceneTests.swift */,
				6EC666FB232209980048068C /* FakeInfoViewModelDelegate.swift */,
			);
			path = InfoScene;
			sourceTree = "<group>";
		};
		6EC66703232338580048068C /* InfoViewContent */ = {
			isa = PBXGroup;
			children = (
				6EC6670623233A140048068C /* InfoViewContentElement.swift */,
			);
			path = InfoViewContent;
			sourceTree = "<group>";
		};
		6EC6670823243AE70048068C /* MenuSequence */ = {
			isa = PBXGroup;
			children = (
				6EC6670923243B870048068C /* MenuCoordinator.swift */,
				6EC66710232448910048068C /* MenuScene */,
				6EC6672C2324649B0048068C /* ConceptMapScene */,
				6EBD530C233AF78A0057F28A /* ChooseExerciseScene */,
			);
			path = MenuSequence;
			sourceTree = "<group>";
		};
		6EC6670D232447AF0048068C /* MenuSequence */ = {
			isa = PBXGroup;
			children = (
				6EC6670E232447C40048068C /* MenuCoordinatorTests.swift */,
				6EC667212324548B0048068C /* FakeMenuCoordinatorDelegate.swift */,
				6EC6672323245D720048068C /* TestMenuCoordinator.swift */,
				6EC66725232461750048068C /* MenuSceneTests */,
				6EC66731232467150048068C /* ConceptMapTests */,
				6EBD5311233AF9450057F28A /* ChooseExerciseSceneTests */,
			);
			path = MenuSequence;
			sourceTree = "<group>";
		};
		6EC66710232448910048068C /* MenuScene */ = {
			isa = PBXGroup;
			children = (
				6EC667112324489F0048068C /* MenuViewController.swift */,
				6EC6672A2324627E0048068C /* MenuViewModel.swift */,
				6EC667122324489F0048068C /* MenuViewController.xib */,
			);
			path = MenuScene;
			sourceTree = "<group>";
		};
		6EC66715232450F10048068C /* QuitableContainerViewController */ = {
			isa = PBXGroup;
			children = (
				6EC66716232451080048068C /* QuitableContainerViewControllerTests.swift */,
				6EC66718232451350048068C /* FakeQuitableContainerViewModel.swift */,
			);
			path = QuitableContainerViewController;
			sourceTree = "<group>";
		};
		6EC6671A232451530048068C /* QuitableContainerViewController */ = {
			isa = PBXGroup;
			children = (
				6EC6671B232451760048068C /* QuitableContainerViewController.swift */,
				6EC6671F232451820048068C /* QuitableContainerViewModel.swift */,
				6EC6671C232451760048068C /* QuitableContainerViewController.xib */,
			);
			path = QuitableContainerViewController;
			sourceTree = "<group>";
		};
		6EC66725232461750048068C /* MenuSceneTests */ = {
			isa = PBXGroup;
			children = (
				6EC66726232461840048068C /* MenuSceneTests.swift */,
				6EC66728232462280048068C /* FakeMenuViewModelDelegate.swift */,
			);
			path = MenuSceneTests;
			sourceTree = "<group>";
		};
		6EC6672C2324649B0048068C /* ConceptMapScene */ = {
			isa = PBXGroup;
			children = (
				6EC6672D232464B20048068C /* ConceptMapViewController.swift */,
				6EC667362324682A0048068C /* ConceptMapViewModel.swift */,
				6EC6672E232464B20048068C /* ConceptMapViewController.xib */,
				6EC66738232493F50048068C /* ConceptMapCell */,
			);
			path = ConceptMapScene;
			sourceTree = "<group>";
		};
		6EC66731232467150048068C /* ConceptMapTests */ = {
			isa = PBXGroup;
			children = (
				6EC667322324673F0048068C /* ConceptMapSceneTests.swift */,
				6EC6674A2324A40C0048068C /* ConceptMapTableViewCell+utilites.swift */,
				6EC66734232467840048068C /* FakeConceptMapViewModelDelegate.swift */,
			);
			path = ConceptMapTests;
			sourceTree = "<group>";
		};
		6EC66738232493F50048068C /* ConceptMapCell */ = {
			isa = PBXGroup;
			children = (
				6EC6673D2324942A0048068C /* ConceptMapElement.swift */,
				6EC66739232494170048068C /* ConceptMapTableViewCell.swift */,
				6EC6673A232494170048068C /* ConceptMapTableViewCell.xib */,
			);
			path = ConceptMapCell;
			sourceTree = "<group>";
		};
		6EC6673F23249B960048068C /* Services */ = {
			isa = PBXGroup;
			children = (
				6EC6674323249CA70048068C /* DatabaseService */,
				6E841621232B233C0035F381 /* ExternalData */,
			);
			path = Services;
			sourceTree = "<group>";
		};
		6EC6674023249C100048068C /* DatabaseService */ = {
			isa = PBXGroup;
			children = (
				6EC6674123249C300048068C /* DatabaseService.swift */,
				6ECC412723287BAE00E8F3E1 /* Concept+sqlite.swift */,
				6ECC41292328842A00E8F3E1 /* UserConcept+sqlite.swift */,
				6E713091233443F5009FEFBB /* Exercise+sqlite.swift */,
				6EE60C4023441C3700B0322B /* User+sqlite.swift */,
			);
			path = DatabaseService;
			sourceTree = "<group>";
		};
		6EC6674323249CA70048068C /* DatabaseService */ = {
			isa = PBXGroup;
			children = (
				6EC6674423249CB20048068C /* DatabaseServiceTests.swift */,
				6EC667482324A08D0048068C /* FakeDatabaseService.swift */,
			);
			path = DatabaseService;
			sourceTree = "<group>";
		};
		6EE60C462344345F00B0322B /* PrepareFeedScene */ = {
			isa = PBXGroup;
			children = (
				6EE60C472344347A00B0322B /* PrepareFeedViewController.swift */,
				6EE60C4F2344399900B0322B /* PrepareFeedViewModel.swift */,
				6EE60C482344347A00B0322B /* PrepareFeedViewController.xib */,
			);
			path = PrepareFeedScene;
			sourceTree = "<group>";
		};
		6EE60C4C2344369500B0322B /* PrepareFeedScene */ = {
			isa = PBXGroup;
			children = (
				6EE60C4D2344370500B0322B /* PrepareFeedSceneTests.swift */,
				6EE60C5423456DCF00B0322B /* FakePrepareFeedViewModelDelegate.swift */,
			);
			path = PrepareFeedScene;
			sourceTree = "<group>";
		};
		F76851D247041C4492AC41F1 /* Frameworks */ = {
			isa = PBXGroup;
			children = (
				A1CE43285555BFADE6DC3070 /* Pods_MathApp.framework */,
				FE993BEBDF1A3B96DC4714AA /* Pods_MathAppTests.framework */,
			);
			name = Frameworks;
			sourceTree = "<group>";
		};
/* End PBXGroup section */

/* Begin PBXNativeTarget section */
		6E557C1222FB9DCB00270F07 /* MathApp */ = {
			isa = PBXNativeTarget;
			buildConfigurationList = 6E557C3022FB9DCD00270F07 /* Build configuration list for PBXNativeTarget "MathApp" */;
			buildPhases = (
				D4B6E2299CAA75DA6B448EDE /* [CP] Check Pods Manifest.lock */,
				6E557C0F22FB9DCB00270F07 /* Sources */,
				6E557C1022FB9DCB00270F07 /* Frameworks */,
				6E557C1122FB9DCB00270F07 /* Resources */,
				981B16F1D27F58E78CE0CDF5 /* [CP] Embed Pods Frameworks */,
			);
			buildRules = (
			);
			dependencies = (
			);
			name = MathApp;
			productName = MathApp;
			productReference = 6E557C1322FB9DCB00270F07 /* MathApp.app */;
			productType = "com.apple.product-type.application";
		};
		6E557C2622FB9DCD00270F07 /* MathAppTests */ = {
			isa = PBXNativeTarget;
			buildConfigurationList = 6E557C3322FB9DCD00270F07 /* Build configuration list for PBXNativeTarget "MathAppTests" */;
			buildPhases = (
				9A9B0CDB83B81244DDBD5248 /* [CP] Check Pods Manifest.lock */,
				6E557C2322FB9DCD00270F07 /* Sources */,
				6E557C2422FB9DCD00270F07 /* Frameworks */,
				6E557C2522FB9DCD00270F07 /* Resources */,
				34EF72461EB73F434E19F5C5 /* [CP] Embed Pods Frameworks */,
			);
			buildRules = (
			);
			dependencies = (
				6E557C2922FB9DCD00270F07 /* PBXTargetDependency */,
			);
			name = MathAppTests;
			productName = MathAppTests;
			productReference = 6E557C2722FB9DCD00270F07 /* MathAppTests.xctest */;
			productType = "com.apple.product-type.bundle.unit-test";
		};
/* End PBXNativeTarget section */

/* Begin PBXProject section */
		6E557C0B22FB9DCB00270F07 /* Project object */ = {
			isa = PBXProject;
			attributes = {
				LastSwiftUpdateCheck = 1030;
				LastUpgradeCheck = 1030;
				ORGANIZATIONNAME = "Peter Cerhan";
				TargetAttributes = {
					6E557C1222FB9DCB00270F07 = {
						CreatedOnToolsVersion = 10.3;
					};
					6E557C2622FB9DCD00270F07 = {
						CreatedOnToolsVersion = 10.3;
						TestTargetID = 6E557C1222FB9DCB00270F07;
					};
				};
			};
			buildConfigurationList = 6E557C0E22FB9DCB00270F07 /* Build configuration list for PBXProject "MathApp" */;
			compatibilityVersion = "Xcode 9.3";
			developmentRegion = en;
			hasScannedForEncodings = 0;
			knownRegions = (
				en,
				Base,
			);
			mainGroup = 6E557C0A22FB9DCB00270F07;
			productRefGroup = 6E557C1422FB9DCB00270F07 /* Products */;
			projectDirPath = "";
			projectRoot = "";
			targets = (
				6E557C1222FB9DCB00270F07 /* MathApp */,
				6E557C2622FB9DCD00270F07 /* MathAppTests */,
			);
		};
/* End PBXProject section */

/* Begin PBXResourcesBuildPhase section */
		6E557C1122FB9DCB00270F07 /* Resources */ = {
			isa = PBXResourcesBuildPhase;
			buildActionMask = 2147483647;
			files = (
				6E557C2122FB9DCC00270F07 /* LaunchScreen.storyboard in Resources */,
				6EC6673C232494170048068C /* ConceptMapTableViewCell.xib in Resources */,
				6EBD5310233AF7A70057F28A /* ChooseExerciseViewController.xib in Resources */,
				6EC667142324489F0048068C /* MenuViewController.xib in Resources */,
				6E883F98233D92F2004F0D0E /* ConceptIntroViewController.xib in Resources */,
				6E557C1E22FB9DCC00270F07 /* Assets.xcassets in Resources */,
				6EC6671E232451760048068C /* QuitableContainerViewController.xib in Resources */,
				6E74FD53231C87F800730AEB /* FeedContainerViewController.xib in Resources */,
				6EB933A52330702C00E38B52 /* LoadExercisesViewController.xib in Resources */,
				6EC666F32321E64A0048068C /* InfoViewController.xib in Resources */,
				6EC66730232464B20048068C /* ConceptMapViewController.xib in Resources */,
				6EBE4E9C230B614B0047A880 /* ExerciseViewController.xib in Resources */,
				6EE60C4A2344347A00B0322B /* PrepareFeedViewController.xib in Resources */,
				6EE60C572345898800B0322B /* db.sqlite3 in Resources */,
			);
			runOnlyForDeploymentPostprocessing = 0;
		};
		6E557C2522FB9DCD00270F07 /* Resources */ = {
			isa = PBXResourcesBuildPhase;
			buildActionMask = 2147483647;
			files = (
			);
			runOnlyForDeploymentPostprocessing = 0;
		};
/* End PBXResourcesBuildPhase section */

/* Begin PBXShellScriptBuildPhase section */
		34EF72461EB73F434E19F5C5 /* [CP] Embed Pods Frameworks */ = {
			isa = PBXShellScriptBuildPhase;
			buildActionMask = 2147483647;
			files = (
			);
			inputFileListPaths = (
				"${PODS_ROOT}/Target Support Files/Pods-MathAppTests/Pods-MathAppTests-frameworks-${CONFIGURATION}-input-files.xcfilelist",
			);
			name = "[CP] Embed Pods Frameworks";
			outputFileListPaths = (
				"${PODS_ROOT}/Target Support Files/Pods-MathAppTests/Pods-MathAppTests-frameworks-${CONFIGURATION}-output-files.xcfilelist",
			);
			runOnlyForDeploymentPostprocessing = 0;
			shellPath = /bin/sh;
			shellScript = "\"${PODS_ROOT}/Target Support Files/Pods-MathAppTests/Pods-MathAppTests-frameworks.sh\"\n";
			showEnvVarsInLog = 0;
		};
		981B16F1D27F58E78CE0CDF5 /* [CP] Embed Pods Frameworks */ = {
			isa = PBXShellScriptBuildPhase;
			buildActionMask = 2147483647;
			files = (
			);
			inputFileListPaths = (
				"${PODS_ROOT}/Target Support Files/Pods-MathApp/Pods-MathApp-frameworks-${CONFIGURATION}-input-files.xcfilelist",
			);
			name = "[CP] Embed Pods Frameworks";
			outputFileListPaths = (
				"${PODS_ROOT}/Target Support Files/Pods-MathApp/Pods-MathApp-frameworks-${CONFIGURATION}-output-files.xcfilelist",
			);
			runOnlyForDeploymentPostprocessing = 0;
			shellPath = /bin/sh;
			shellScript = "\"${PODS_ROOT}/Target Support Files/Pods-MathApp/Pods-MathApp-frameworks.sh\"\n";
			showEnvVarsInLog = 0;
		};
		9A9B0CDB83B81244DDBD5248 /* [CP] Check Pods Manifest.lock */ = {
			isa = PBXShellScriptBuildPhase;
			buildActionMask = 2147483647;
			files = (
			);
			inputFileListPaths = (
			);
			inputPaths = (
				"${PODS_PODFILE_DIR_PATH}/Podfile.lock",
				"${PODS_ROOT}/Manifest.lock",
			);
			name = "[CP] Check Pods Manifest.lock";
			outputFileListPaths = (
			);
			outputPaths = (
				"$(DERIVED_FILE_DIR)/Pods-MathAppTests-checkManifestLockResult.txt",
			);
			runOnlyForDeploymentPostprocessing = 0;
			shellPath = /bin/sh;
			shellScript = "diff \"${PODS_PODFILE_DIR_PATH}/Podfile.lock\" \"${PODS_ROOT}/Manifest.lock\" > /dev/null\nif [ $? != 0 ] ; then\n    # print error to STDERR\n    echo \"error: The sandbox is not in sync with the Podfile.lock. Run 'pod install' or update your CocoaPods installation.\" >&2\n    exit 1\nfi\n# This output is used by Xcode 'outputs' to avoid re-running this script phase.\necho \"SUCCESS\" > \"${SCRIPT_OUTPUT_FILE_0}\"\n";
			showEnvVarsInLog = 0;
		};
		D4B6E2299CAA75DA6B448EDE /* [CP] Check Pods Manifest.lock */ = {
			isa = PBXShellScriptBuildPhase;
			buildActionMask = 2147483647;
			files = (
			);
			inputFileListPaths = (
			);
			inputPaths = (
				"${PODS_PODFILE_DIR_PATH}/Podfile.lock",
				"${PODS_ROOT}/Manifest.lock",
			);
			name = "[CP] Check Pods Manifest.lock";
			outputFileListPaths = (
			);
			outputPaths = (
				"$(DERIVED_FILE_DIR)/Pods-MathApp-checkManifestLockResult.txt",
			);
			runOnlyForDeploymentPostprocessing = 0;
			shellPath = /bin/sh;
			shellScript = "diff \"${PODS_PODFILE_DIR_PATH}/Podfile.lock\" \"${PODS_ROOT}/Manifest.lock\" > /dev/null\nif [ $? != 0 ] ; then\n    # print error to STDERR\n    echo \"error: The sandbox is not in sync with the Podfile.lock. Run 'pod install' or update your CocoaPods installation.\" >&2\n    exit 1\nfi\n# This output is used by Xcode 'outputs' to avoid re-running this script phase.\necho \"SUCCESS\" > \"${SCRIPT_OUTPUT_FILE_0}\"\n";
			showEnvVarsInLog = 0;
		};
/* End PBXShellScriptBuildPhase section */

/* Begin PBXSourcesBuildPhase section */
		6E557C0F22FB9DCB00270F07 /* Sources */ = {
			isa = PBXSourcesBuildPhase;
			buildActionMask = 2147483647;
			files = (
				6EBA303C230CAED200E6DC54 /* UIView+addShadow.swift in Sources */,
				6EC667132324489F0048068C /* MenuViewController.swift in Sources */,
				6E883F9D233D9E5D004F0D0E /* ConceptIntroViewModel.swift in Sources */,
				6EC66720232451820048068C /* QuitableContainerViewModel.swift in Sources */,
				6EBE4E94230A16170047A880 /* ExerciseCoordinator.swift in Sources */,
				6E557C3922FBA0AE00270F07 /* Coordinator.swift in Sources */,
				6E74FD52231C87F800730AEB /* FeedContainerViewController.swift in Sources */,
				6E557C3B22FBA0DC00270F07 /* RootCoordinator.swift in Sources */,
				6E84161B232B213D0035F381 /* FeedPackageStore.swift in Sources */,
				6EC666F8232208FA0048068C /* InfoViewModelImpl.swift in Sources */,
				6E557C3722FB9EEB00270F07 /* CompositionRoot.swift in Sources */,
				6ECC412C23288BC500E8F3E1 /* UserConcept+data.swift in Sources */,
				6EC666E2232099860048068C /* FeedContainerViewModel.swift in Sources */,
				6E713092233443F5009FEFBB /* Exercise+sqlite.swift in Sources */,
				6EC6671D232451760048068C /* QuitableContainerViewController.swift in Sources */,
				6EBA305E231098F600E6DC54 /* ExerciseChoiceConfiguration.swift in Sources */,
				6E557C1722FB9DCB00270F07 /* AppDelegate.swift in Sources */,
				6E883F97233D92F2004F0D0E /* ConceptIntroViewController.swift in Sources */,
				6EC6673B232494170048068C /* ConceptMapTableViewCell.swift in Sources */,
				6E841620232B22F20035F381 /* ExerciseExternalDataService.swift in Sources */,
				6EBE4EA2230B66CD0047A880 /* Exercise.swift in Sources */,
				6EBE4EA6230B68720047A880 /* ExerciseViewModel.swift in Sources */,
				6EC6673E2324942A0048068C /* ConceptMapElement.swift in Sources */,
				6E1E6B3522FFA95100AFB7A0 /* ContainerViewController.swift in Sources */,
				6EBA306A2314D3F800E6DC54 /* RxLatestValue.swift in Sources */,
				6EC6670723233A140048068C /* InfoViewContentElement.swift in Sources */,
				6EE60C502344399900B0322B /* PrepareFeedViewModel.swift in Sources */,
				6E883F91233D85D6004F0D0E /* FeedItem.swift in Sources */,
				6EC666EE2321DFA60048068C /* Colors.swift in Sources */,
				6E1E6B3722FFA97800AFB7A0 /* TransitionAnimation.swift in Sources */,
				6EC6672F232464B20048068C /* ConceptMapViewController.swift in Sources */,
				6EB933AA233073C700E38B52 /* LoadExercisesViewModel.swift in Sources */,
				6E883F93233D8674004F0D0E /* ConceptIntro.swift in Sources */,
				6EE60C4123441C3700B0322B /* User+sqlite.swift in Sources */,
				6EB933A42330702C00E38B52 /* LoadExercisesViewController.swift in Sources */,
				6EC666FE232324F70048068C /* Concept.swift in Sources */,
				6EC6674723249D850048068C /* UserConcept.swift in Sources */,
				6EC6674223249C300048068C /* DatabaseService.swift in Sources */,
				6E883F8F233D8301004F0D0E /* FeedPackage.swift in Sources */,
				6EBE4EA4230B675B0047A880 /* Exercise+data.swift in Sources */,
				6EBE4E9B230B614B0047A880 /* ExerciseViewController.swift in Sources */,
				6EC6670A23243B870048068C /* MenuCoordinator.swift in Sources */,
				6EBD530F233AF7A70057F28A /* ChooseExerciseViewController.swift in Sources */,
				6EE60C43234420A900B0322B /* EnrichedUserConcept.swift in Sources */,
				6EBA303A230CADCB00E6DC54 /* AnimatedButton.swift in Sources */,
				6EC666E62321D4D80048068C /* ExerciseService.swift in Sources */,
				6E927E81231CA88600822EBA /* ResultsStore.swift in Sources */,
				6EC6672B2324627E0048068C /* MenuViewModel.swift in Sources */,
				6E74FD4B2318CBAC00730AEB /* RandomizationService.swift in Sources */,
				6EE60C492344347A00B0322B /* PrepareFeedViewController.swift in Sources */,
				6EC667372324682A0048068C /* ConceptMapViewModel.swift in Sources */,
				6EBA304F230E07AE00E6DC54 /* CheckmarkImageView.swift in Sources */,
				6EC666F22321E64A0048068C /* InfoViewController.swift in Sources */,
				6ECC412823287BAE00E8F3E1 /* Concept+sqlite.swift in Sources */,
				6EB933B22331AB3800E38B52 /* Queue.swift in Sources */,
				6ECC412A2328842A00E8F3E1 /* UserConcept+sqlite.swift in Sources */,
				6EC66700232326FA0048068C /* Concept+data.swift in Sources */,
				6EC6674D2324AA040048068C /* ExerciseResult.swift in Sources */,
				6E00E487233FEAD500BFF274 /* LoadState.swift in Sources */,
				6E74FD442318B0A400730AEB /* GeneralError.swift in Sources */,
				6EBD5317233AFAB00057F28A /* ChooseExerciseViewModel.swift in Sources */,
			);
			runOnlyForDeploymentPostprocessing = 0;
		};
		6E557C2322FB9DCD00270F07 /* Sources */ = {
			isa = PBXSourcesBuildPhase;
			buildActionMask = 2147483647;
			files = (
				6EC6674B2324A40C0048068C /* ConceptMapTableViewCell+utilites.swift in Sources */,
				6EBE4E8F230A13D80047A880 /* ExerciseCoordinatorTests.swift in Sources */,
				6EE60C4E2344370500B0322B /* PrepareFeedSceneTests.swift in Sources */,
				6EB933A8233071D800E38B52 /* LoadExercisesSceneTests.swift in Sources */,
				6EB9339B23305A3F00E38B52 /* FakeFeedPackageStore.swift in Sources */,
				6EC666FC232209980048068C /* FakeInfoViewModelDelegate.swift in Sources */,
				6E1E6B3222FFA8BD00AFB7A0 /* ContainerViewControllerTests.swift in Sources */,
				6EBE4E9F230B644E0047A880 /* ExerciseSceneTests.swift in Sources */,
				6E927E83231CAE2400822EBA /* FakeResultsStore.swift in Sources */,
				6EC66727232461840048068C /* MenuSceneTests.swift in Sources */,
				6E74FD422318A2B900730AEB /* TestUtilities.swift in Sources */,
				6EC6670C23243CDB0048068C /* FakeFeedContainerViewModelDelegate.swift in Sources */,
				6EC6670F232447C40048068C /* MenuCoordinatorTests.swift in Sources */,
				6E74FD402318A1F500730AEB /* FakeExerciseViewModelDelegate.swift in Sources */,
				6EE60C5523456DCF00B0322B /* FakePrepareFeedViewModelDelegate.swift in Sources */,
				6E00E489233FF17800BFF274 /* FeedPackage+stubs.swift in Sources */,
				6EC66717232451080048068C /* QuitableContainerViewControllerTests.swift in Sources */,
				6EC66735232467840048068C /* FakeConceptMapViewModelDelegate.swift in Sources */,
				6E841618232B208E0035F381 /* FeedPackageStoreTests.swift in Sources */,
				6EBD5313233AF9A50057F28A /* ChooseExerciseSceneTests.swift in Sources */,
				6E883F9B233D9B96004F0D0E /* ConceptIntroSceneTests.swift in Sources */,
				6EBA306D2314D4AB00E6DC54 /* RxLatestValueTests.swift in Sources */,
				6EC666EB2321D6D90048068C /* FakeExerciseService.swift in Sources */,
				6EC667492324A08D0048068C /* FakeDatabaseService.swift in Sources */,
				6EBE4E97230A1B7C0047A880 /* RootCoordinatorTests.swift in Sources */,
				6EC667222324548B0048068C /* FakeMenuCoordinatorDelegate.swift in Sources */,
				6EC667332324673F0048068C /* ConceptMapSceneTests.swift in Sources */,
				6EC6674523249CB20048068C /* DatabaseServiceTests.swift in Sources */,
				6EC666E92321D4EF0048068C /* ExerciseServiceTests.swift in Sources */,
				6EC66719232451350048068C /* FakeQuitableContainerViewModel.swift in Sources */,
				6EBE4E91230A14A70047A880 /* FakeContainerViewController.swift in Sources */,
				6EBD5315233AF9E20057F28A /* FakeChooseExerciseViewModelDelegate.swift in Sources */,
				6EB933AC233076E500E38B52 /* FakeLoadExercisesViewModelDelegate.swift in Sources */,
				6EC666F62322042F0048068C /* InfoSceneTests.swift in Sources */,
				6E927E7E231CA75100822EBA /* ResultsStoreTests.swift in Sources */,
				6E74FD4E231C86FC00730AEB /* FeedContainerViewControllerTests.swift in Sources */,
				6EC66729232462280048068C /* FakeMenuViewModelDelegate.swift in Sources */,
				6E841623232B234F0035F381 /* FakeExerciseExternalDataService.swift in Sources */,
				6EC6672423245D730048068C /* TestMenuCoordinator.swift in Sources */,
				6E883F9F233DA2DE004F0D0E /* FakeConceptIntroViewModelDelegate.swift in Sources */,
				6E74FD472318B53F00730AEB /* ExerciseChoiceConfiguration+stubs.swift in Sources */,
			);
			runOnlyForDeploymentPostprocessing = 0;
		};
/* End PBXSourcesBuildPhase section */

/* Begin PBXTargetDependency section */
		6E557C2922FB9DCD00270F07 /* PBXTargetDependency */ = {
			isa = PBXTargetDependency;
			target = 6E557C1222FB9DCB00270F07 /* MathApp */;
			targetProxy = 6E557C2822FB9DCD00270F07 /* PBXContainerItemProxy */;
		};
/* End PBXTargetDependency section */

/* Begin PBXVariantGroup section */
		6E557C1F22FB9DCC00270F07 /* LaunchScreen.storyboard */ = {
			isa = PBXVariantGroup;
			children = (
				6E557C2022FB9DCC00270F07 /* Base */,
			);
			name = LaunchScreen.storyboard;
			sourceTree = "<group>";
		};
/* End PBXVariantGroup section */

/* Begin XCBuildConfiguration section */
		6E557C2E22FB9DCD00270F07 /* Debug */ = {
			isa = XCBuildConfiguration;
			buildSettings = {
				ALWAYS_SEARCH_USER_PATHS = NO;
				CLANG_ANALYZER_NONNULL = YES;
				CLANG_ANALYZER_NUMBER_OBJECT_CONVERSION = YES_AGGRESSIVE;
				CLANG_CXX_LANGUAGE_STANDARD = "gnu++14";
				CLANG_CXX_LIBRARY = "libc++";
				CLANG_ENABLE_MODULES = YES;
				CLANG_ENABLE_OBJC_ARC = YES;
				CLANG_ENABLE_OBJC_WEAK = YES;
				CLANG_WARN_BLOCK_CAPTURE_AUTORELEASING = YES;
				CLANG_WARN_BOOL_CONVERSION = YES;
				CLANG_WARN_COMMA = YES;
				CLANG_WARN_CONSTANT_CONVERSION = YES;
				CLANG_WARN_DEPRECATED_OBJC_IMPLEMENTATIONS = YES;
				CLANG_WARN_DIRECT_OBJC_ISA_USAGE = YES_ERROR;
				CLANG_WARN_DOCUMENTATION_COMMENTS = YES;
				CLANG_WARN_EMPTY_BODY = YES;
				CLANG_WARN_ENUM_CONVERSION = YES;
				CLANG_WARN_INFINITE_RECURSION = YES;
				CLANG_WARN_INT_CONVERSION = YES;
				CLANG_WARN_NON_LITERAL_NULL_CONVERSION = YES;
				CLANG_WARN_OBJC_IMPLICIT_RETAIN_SELF = YES;
				CLANG_WARN_OBJC_LITERAL_CONVERSION = YES;
				CLANG_WARN_OBJC_ROOT_CLASS = YES_ERROR;
				CLANG_WARN_RANGE_LOOP_ANALYSIS = YES;
				CLANG_WARN_STRICT_PROTOTYPES = YES;
				CLANG_WARN_SUSPICIOUS_MOVE = YES;
				CLANG_WARN_UNGUARDED_AVAILABILITY = YES_AGGRESSIVE;
				CLANG_WARN_UNREACHABLE_CODE = YES;
				CLANG_WARN__DUPLICATE_METHOD_MATCH = YES;
				CODE_SIGN_IDENTITY = "iPhone Developer";
				COPY_PHASE_STRIP = NO;
				DEBUG_INFORMATION_FORMAT = dwarf;
				ENABLE_STRICT_OBJC_MSGSEND = YES;
				ENABLE_TESTABILITY = YES;
				GCC_C_LANGUAGE_STANDARD = gnu11;
				GCC_DYNAMIC_NO_PIC = NO;
				GCC_NO_COMMON_BLOCKS = YES;
				GCC_OPTIMIZATION_LEVEL = 0;
				GCC_PREPROCESSOR_DEFINITIONS = (
					"DEBUG=1",
					"$(inherited)",
				);
				GCC_WARN_64_TO_32_BIT_CONVERSION = YES;
				GCC_WARN_ABOUT_RETURN_TYPE = YES_ERROR;
				GCC_WARN_UNDECLARED_SELECTOR = YES;
				GCC_WARN_UNINITIALIZED_AUTOS = YES_AGGRESSIVE;
				GCC_WARN_UNUSED_FUNCTION = YES;
				GCC_WARN_UNUSED_VARIABLE = YES;
				IPHONEOS_DEPLOYMENT_TARGET = 12.4;
				MTL_ENABLE_DEBUG_INFO = INCLUDE_SOURCE;
				MTL_FAST_MATH = YES;
				ONLY_ACTIVE_ARCH = YES;
				SDKROOT = iphoneos;
				SWIFT_ACTIVE_COMPILATION_CONDITIONS = DEBUG;
				SWIFT_OPTIMIZATION_LEVEL = "-Onone";
			};
			name = Debug;
		};
		6E557C2F22FB9DCD00270F07 /* Release */ = {
			isa = XCBuildConfiguration;
			buildSettings = {
				ALWAYS_SEARCH_USER_PATHS = NO;
				CLANG_ANALYZER_NONNULL = YES;
				CLANG_ANALYZER_NUMBER_OBJECT_CONVERSION = YES_AGGRESSIVE;
				CLANG_CXX_LANGUAGE_STANDARD = "gnu++14";
				CLANG_CXX_LIBRARY = "libc++";
				CLANG_ENABLE_MODULES = YES;
				CLANG_ENABLE_OBJC_ARC = YES;
				CLANG_ENABLE_OBJC_WEAK = YES;
				CLANG_WARN_BLOCK_CAPTURE_AUTORELEASING = YES;
				CLANG_WARN_BOOL_CONVERSION = YES;
				CLANG_WARN_COMMA = YES;
				CLANG_WARN_CONSTANT_CONVERSION = YES;
				CLANG_WARN_DEPRECATED_OBJC_IMPLEMENTATIONS = YES;
				CLANG_WARN_DIRECT_OBJC_ISA_USAGE = YES_ERROR;
				CLANG_WARN_DOCUMENTATION_COMMENTS = YES;
				CLANG_WARN_EMPTY_BODY = YES;
				CLANG_WARN_ENUM_CONVERSION = YES;
				CLANG_WARN_INFINITE_RECURSION = YES;
				CLANG_WARN_INT_CONVERSION = YES;
				CLANG_WARN_NON_LITERAL_NULL_CONVERSION = YES;
				CLANG_WARN_OBJC_IMPLICIT_RETAIN_SELF = YES;
				CLANG_WARN_OBJC_LITERAL_CONVERSION = YES;
				CLANG_WARN_OBJC_ROOT_CLASS = YES_ERROR;
				CLANG_WARN_RANGE_LOOP_ANALYSIS = YES;
				CLANG_WARN_STRICT_PROTOTYPES = YES;
				CLANG_WARN_SUSPICIOUS_MOVE = YES;
				CLANG_WARN_UNGUARDED_AVAILABILITY = YES_AGGRESSIVE;
				CLANG_WARN_UNREACHABLE_CODE = YES;
				CLANG_WARN__DUPLICATE_METHOD_MATCH = YES;
				CODE_SIGN_IDENTITY = "iPhone Developer";
				COPY_PHASE_STRIP = NO;
				DEBUG_INFORMATION_FORMAT = "dwarf-with-dsym";
				ENABLE_NS_ASSERTIONS = NO;
				ENABLE_STRICT_OBJC_MSGSEND = YES;
				GCC_C_LANGUAGE_STANDARD = gnu11;
				GCC_NO_COMMON_BLOCKS = YES;
				GCC_WARN_64_TO_32_BIT_CONVERSION = YES;
				GCC_WARN_ABOUT_RETURN_TYPE = YES_ERROR;
				GCC_WARN_UNDECLARED_SELECTOR = YES;
				GCC_WARN_UNINITIALIZED_AUTOS = YES_AGGRESSIVE;
				GCC_WARN_UNUSED_FUNCTION = YES;
				GCC_WARN_UNUSED_VARIABLE = YES;
				IPHONEOS_DEPLOYMENT_TARGET = 12.4;
				MTL_ENABLE_DEBUG_INFO = NO;
				MTL_FAST_MATH = YES;
				SDKROOT = iphoneos;
				SWIFT_COMPILATION_MODE = wholemodule;
				SWIFT_OPTIMIZATION_LEVEL = "-O";
				VALIDATE_PRODUCT = YES;
			};
			name = Release;
		};
		6E557C3122FB9DCD00270F07 /* Debug */ = {
			isa = XCBuildConfiguration;
			baseConfigurationReference = ACC8CBE54D6FE6BB00980A70 /* Pods-MathApp.debug.xcconfig */;
			buildSettings = {
				ALWAYS_EMBED_SWIFT_STANDARD_LIBRARIES = "$(inherited)";
				ASSETCATALOG_COMPILER_APPICON_NAME = AppIcon;
				CODE_SIGN_STYLE = Automatic;
				DEVELOPMENT_TEAM = A7CP3AL7A5;
				INFOPLIST_FILE = MathApp/Info.plist;
				LD_RUNPATH_SEARCH_PATHS = (
					"$(inherited)",
					"@executable_path/Frameworks",
				);
				PRODUCT_BUNDLE_IDENTIFIER = com.petercerhan.MathApp;
				PRODUCT_NAME = "$(TARGET_NAME)";
				SWIFT_VERSION = 5.0;
				TARGETED_DEVICE_FAMILY = "1,2";
			};
			name = Debug;
		};
		6E557C3222FB9DCD00270F07 /* Release */ = {
			isa = XCBuildConfiguration;
			baseConfigurationReference = 9BCF43D90809ABFC7320F5BB /* Pods-MathApp.release.xcconfig */;
			buildSettings = {
				ALWAYS_EMBED_SWIFT_STANDARD_LIBRARIES = "$(inherited)";
				ASSETCATALOG_COMPILER_APPICON_NAME = AppIcon;
				CODE_SIGN_STYLE = Automatic;
				DEVELOPMENT_TEAM = A7CP3AL7A5;
				INFOPLIST_FILE = MathApp/Info.plist;
				LD_RUNPATH_SEARCH_PATHS = (
					"$(inherited)",
					"@executable_path/Frameworks",
				);
				PRODUCT_BUNDLE_IDENTIFIER = com.petercerhan.MathApp;
				PRODUCT_NAME = "$(TARGET_NAME)";
				SWIFT_VERSION = 5.0;
				TARGETED_DEVICE_FAMILY = "1,2";
			};
			name = Release;
		};
		6E557C3422FB9DCD00270F07 /* Debug */ = {
			isa = XCBuildConfiguration;
			baseConfigurationReference = 5D09B98DEB05D4438C6DF54D /* Pods-MathAppTests.debug.xcconfig */;
			buildSettings = {
				ALWAYS_EMBED_SWIFT_STANDARD_LIBRARIES = YES;
				BUNDLE_LOADER = "$(TEST_HOST)";
				CODE_SIGN_STYLE = Automatic;
				DEVELOPMENT_TEAM = A7CP3AL7A5;
				INFOPLIST_FILE = MathAppTests/Info.plist;
				LD_RUNPATH_SEARCH_PATHS = (
					"$(inherited)",
					"@executable_path/Frameworks",
					"@loader_path/Frameworks",
				);
				PRODUCT_BUNDLE_IDENTIFIER = com.petercerhan.MathAppTests;
				PRODUCT_NAME = "$(TARGET_NAME)";
				SWIFT_VERSION = 5.0;
				TARGETED_DEVICE_FAMILY = "1,2";
				TEST_HOST = "$(BUILT_PRODUCTS_DIR)/MathApp.app/MathApp";
			};
			name = Debug;
		};
		6E557C3522FB9DCD00270F07 /* Release */ = {
			isa = XCBuildConfiguration;
			baseConfigurationReference = D78E7824CF595603FD9FDFEE /* Pods-MathAppTests.release.xcconfig */;
			buildSettings = {
				ALWAYS_EMBED_SWIFT_STANDARD_LIBRARIES = YES;
				BUNDLE_LOADER = "$(TEST_HOST)";
				CODE_SIGN_STYLE = Automatic;
				DEVELOPMENT_TEAM = A7CP3AL7A5;
				INFOPLIST_FILE = MathAppTests/Info.plist;
				LD_RUNPATH_SEARCH_PATHS = (
					"$(inherited)",
					"@executable_path/Frameworks",
					"@loader_path/Frameworks",
				);
				PRODUCT_BUNDLE_IDENTIFIER = com.petercerhan.MathAppTests;
				PRODUCT_NAME = "$(TARGET_NAME)";
				SWIFT_VERSION = 5.0;
				TARGETED_DEVICE_FAMILY = "1,2";
				TEST_HOST = "$(BUILT_PRODUCTS_DIR)/MathApp.app/MathApp";
			};
			name = Release;
		};
/* End XCBuildConfiguration section */

/* Begin XCConfigurationList section */
		6E557C0E22FB9DCB00270F07 /* Build configuration list for PBXProject "MathApp" */ = {
			isa = XCConfigurationList;
			buildConfigurations = (
				6E557C2E22FB9DCD00270F07 /* Debug */,
				6E557C2F22FB9DCD00270F07 /* Release */,
			);
			defaultConfigurationIsVisible = 0;
			defaultConfigurationName = Release;
		};
		6E557C3022FB9DCD00270F07 /* Build configuration list for PBXNativeTarget "MathApp" */ = {
			isa = XCConfigurationList;
			buildConfigurations = (
				6E557C3122FB9DCD00270F07 /* Debug */,
				6E557C3222FB9DCD00270F07 /* Release */,
			);
			defaultConfigurationIsVisible = 0;
			defaultConfigurationName = Release;
		};
		6E557C3322FB9DCD00270F07 /* Build configuration list for PBXNativeTarget "MathAppTests" */ = {
			isa = XCConfigurationList;
			buildConfigurations = (
				6E557C3422FB9DCD00270F07 /* Debug */,
				6E557C3522FB9DCD00270F07 /* Release */,
			);
			defaultConfigurationIsVisible = 0;
			defaultConfigurationName = Release;
		};
/* End XCConfigurationList section */
	};
	rootObject = 6E557C0B22FB9DCB00270F07 /* Project object */;
}
